<?xml version="1.0" encoding="utf-8"?>
<Project ToolsVersion="4.0" xmlns="http://schemas.microsoft.com/developer/msbuild/2003">
  <ItemGroup>
    <Filter Include="Classes">
      <UniqueIdentifier>{4f431dd9-1d20-4f31-8910-20c860550568}</UniqueIdentifier>
    </Filter>
    <Filter Include="Inc">
      <UniqueIdentifier>{c211ff73-003b-4006-8f4d-42f4ac8ea18c}</UniqueIdentifier>
    </Filter>
    <Filter Include="Src">
      <UniqueIdentifier>{6c0aa6d0-e753-405a-903b-6cdd1b427f5e}</UniqueIdentifier>
    </Filter>
  </ItemGroup>
  <ItemGroup>
    <None Include="Classes\ClientBeaconAddressResolverLive.uc">
      <Filter>Classes</Filter>
    </None>
    <None Include="Classes\DownloadableContentEnumeratorLive.uc">
      <Filter>Classes</Filter>
    </None>
    <None Include="Classes\LivePartyChat.uc">
      <Filter>Classes</Filter>
    </None>
    <None Include="Classes\OnlineEventsInterfaceMcpLive.uc">
      <Filter>Classes</Filter>
    </None>
    <None Include="Classes\OnlineSubsystemLive.uc">
      <Filter>Classes</Filter>
    </None>
    <None Include="Classes\OnlineTitleFileDownloadMcpLive.uc">
      <Filter>Classes</Filter>
    </None>
  </ItemGroup>
  <ItemGroup>
    <ClInclude Include="Inc\OnlineSubsystemLive.h">
      <Filter>Inc</Filter>
    </ClInclude>
    <ClInclude Include="Inc\OnlineSubsystemLiveClasses.h">
      <Filter>Inc</Filter>
    </ClInclude>
    <ClInclude Include="Inc\OnlineSubsystemLiveNames.h">
      <Filter>Inc</Filter>
    </ClInclude>
    <ClInclude Include="Inc\UnNetLive.h">
      <Filter>Inc</Filter>
    </ClInclude>
    <ClInclude Include="Inc\UnSocketLive.h">
      <Filter>Inc</Filter>
    </ClInclude>
    <ClInclude Include="Inc\UnSocketWinLive.h">
      <Filter>Inc</Filter>
    </ClInclude>
    <ClInclude Include="Inc\UOnlineSubsystemLive.h">
      <Filter>Inc</Filter>
    </ClInclude>
  </ItemGroup>
  <ItemGroup>
    <ClCompile Include="Src\ClientBeaconAddressResolverLive.cpp">
      <Filter>Src</Filter>
    </ClCompile>
    <ClCompile Include="Src\LivePartyChat.cpp">
      <Filter>Src</Filter>
    </ClCompile>
    <ClCompile Include="Src\OnlineSubsystemLive.cpp">
      <Filter>Src</Filter>
    </ClCompile>
    <ClCompile Include="Src\OnlineSubsystemLivePackage.cpp">
      <Filter>Src</Filter>
    </ClCompile>
    <ClCompile Include="Src\PanoramaHooks.cpp">
      <Filter>Src</Filter>
    </ClCompile>
    <ClCompile Include="Src\UDownloadableContentEnumeratorLive.cpp">
      <Filter>Src</Filter>
    </ClCompile>
    <ClCompile Include="Src\UnNetLive.cpp">
      <Filter>Src</Filter>
    </ClCompile>
    <ClCompile Include="Src\UnSocketLive.cpp">
      <Filter>Src</Filter>
    </ClCompile>
    <ClCompile Include="Src\UnSocketWinLive.cpp">
      <Filter>Src</Filter>
    </ClCompile>
    <ClCompile Include="Src\UOnlineEventsInterfaceMcpLive.cpp">
      <Filter>Src</Filter>
    </ClCompile>
    <ClCompile Include="Src\UOnlineTitleFileDownloadMcpLive.cpp">
      <Filter>Src</Filter>
    </ClCompile>
    <ClCompile Include="Src\VoiceInterfaceLive.cpp">
      <Filter>Src</Filter>
    </ClCompile>
  </ItemGroup>
</Project>