
Microsoft Visual Studio Solution File, Format Version 12.00
# Visual Studio Version 17
VisualStudioVersion = 17.12.35521.163
MinimumVisualStudioVersion = 10.0.40219.1
Project("{2150E333-8FDC-42A3-9474-1A3956D46DE8}") = "Build", "Build", "{C4545F94-F74E-45E2-AF71-3473B4F3C09F}"
EndProject
Project("{2150E333-8FDC-42A3-9474-1A3956D46DE8}") = "Unreal Engine", "Unreal Engine", "{C77F9B60-722B-4E86-B7B4-F0025687C359}"
EndProject
Project("{2150E333-8FDC-42A3-9474-1A3956D46DE8}") = "Unreal Editor", "Unreal Editor", "{95F9398D-D309-488C-B0A9-13ADB3C168BA}"
EndProject
Project("{2150E333-8FDC-42A3-9474-1A3956D46DE8}") = "Games", "Games", "{1AD35CF3-470C-44EA-B1B5-5CD621053814}"
EndProject
Project("{2150E333-8FDC-42A3-9474-1A3956D46DE8}") = "Platform", "Platform", "{014DC93C-9FF9-42DC-A252-87F6508C741B}"
EndProject
Project("{FAE04EC0-301F-11D3-BF4B-00C04F79EFBC}") = "UnrealBuildTool", "UnrealBuildTool\UnrealBuildTool.csproj", "{FD7C5E1A-CFE4-4FD5-A525-1EB1599A39AC}"
EndProject
Project("{8BC9CEB8-8B4A-11D0-8D11-00A0C91BC942}") = "Core", "Core\Core.vcxproj", "{9E3C0A84-2520-4CB2-9202-55AF64CD84A5}"
EndProject
Project("{8BC9CEB8-8B4A-11D0-8D11-00A0C91BC942}") = "Engine", "Engine\Engine.vcxproj", "{F33F4FE6-1840-446E-A7D8-903B8EDFB14B}"
EndProject
Project("{8BC9CEB8-8B4A-11D0-8D11-00A0C91BC942}") = "UnrealEd", "UnrealEd\UnrealEd.vcxproj", "{20C50653-B887-40EC-B85B-06BF6E24FDB4}"
EndProject
Project("{8BC9CEB8-8B4A-11D0-8D11-00A0C91BC942}") = "GameFramework", "GameFramework\GameFramework.vcxproj", "{D81C72CB-E8FC-4442-9D29-E060415DDBAA}"
EndProject
Project("{8BC9CEB8-8B4A-11D0-8D11-00A0C91BC942}") = "Launch", "Launch\Launch.vcxproj", "{559F6F18-3B99-4A8B-A384-BCF2A9FD69EF}"
EndProject
Project("{8BC9CEB8-8B4A-11D0-8D11-00A0C91BC942}") = "WinDrv", "WinDrv\WinDrv.vcxproj", "{AE2B1A55-E493-4E93-8416-7144201E183E}"
EndProject
Project("{8BC9CEB8-8B4A-11D0-8D11-00A0C91BC942}") = "D3D9Drv", "D3D9Drv\D3D9Drv.vcxproj", "{77D547F4-1691-42B3-99D3-FB4429DE2ADB}"
EndProject
Project("{8BC9CEB8-8B4A-11D0-8D11-00A0C91BC942}") = "IpDrv", "IpDrv\IpDrv.vcxproj", "{0EE028CA-72A3-4A1D-ADEF-0D60B3B2EEE7}"
EndProject
Project("{8BC9CEB8-8B4A-11D0-8D11-00A0C91BC942}") = "OnlineSubsystemPC", "OnlineSubsystemPC\OnlineSubsystemPC.vcxproj", "{D93141B3-0FF3-46D0-922A-0972439B37AA}"
EndProject
Project("{8BC9CEB8-8B4A-11D0-8D11-00A0C91BC942}") = "XAudio2", "XAudio2\XAudio2.vcxproj", "{59496D24-4556-4DF9-814A-157366C784E6}"
EndProject
Project("{8BC9CEB8-8B4A-11D0-8D11-00A0C91BC942}") = "Studio_vs9", "..\External\FaceFX\Studio\Studio_vs9.vcxproj", "{CB870BCA-E5E6-467F-AA38-CE5DF837D968}"
EndProject
Project("{8BC9CEB8-8B4A-11D0-8D11-00A0C91BC942}") = "OnlineSubsystemSteamworks", "OnlineSubsystemSteamworks\OnlineSubsystemSteamworks.vcxproj", "{EC63BC3B-61DC-4831-A12E-A1E5441D4A8B}"
EndProject
Project("{8BC9CEB8-8B4A-11D0-8D11-00A0C91BC942}") = "GFxUI", "GFxUI\GFxUI.vcxproj", "{53ADE45D-BB75-4F27-9AAA-41A2262058A9}"
EndProject
Project("{8BC9CEB8-8B4A-11D0-8D11-00A0C91BC942}") = "GFxUIEditor", "GFxUIEditor\GFxUIEditor.vcxproj", "{69DADB65-3DF8-46F3-9040-799336D7C046}"
EndProject
Project("{8BC9CEB8-8B4A-11D0-8D11-00A0C91BC942}") = "D3D11Drv", "D3D11Drv\D3D11Drv.vcxproj", "{EB5DF405-482D-44A8-9AF0-2F9AF538227A}"
EndProject
Project("{8BC9CEB8-8B4A-11D0-8D11-00A0C91BC942}") = "BmGame", "BmGame\BmGame.vcxproj", "{3918B7C9-5707-43BF-8DFA-90FECBAFF9EF}"
	ProjectSection(ProjectDependencies) = postProject
		{FD7C5E1A-CFE4-4FD5-A525-1EB1599A39AC} = {FD7C5E1A-CFE4-4FD5-A525-1EB1599A39AC}
	EndProjectSection
EndProject
Project("{8BC9CEB8-8B4A-11D0-8D11-00A0C91BC942}") = "BmEditor", "BmEditor\BmEditor.vcxproj", "{B0844BA3-C28B-462E-BE78-6CA8AD91D0A2}"
	ProjectSection(ProjectDependencies) = postProject
		{FD7C5E1A-CFE4-4FD5-A525-1EB1599A39AC} = {FD7C5E1A-CFE4-4FD5-A525-1EB1599A39AC}
	EndProjectSection
EndProject
Global
	GlobalSection(SolutionConfigurationPlatforms) = preSolution
		Debug (Unreal)|Mixed platforms = Debug (Unreal)|Mixed platforms
		Debug (Unreal)|Win32 = Debug (Unreal)|Win32
		Debug (Unreal)|x64 = Debug (Unreal)|x64
		Debug (Unreal)|Xbox 360 = Debug (Unreal)|Xbox 360
		Debug|Mixed platforms = Debug|Mixed platforms
		Debug|Win32 = Debug|Win32
		Debug|x64 = Debug|x64
		Debug|Xbox 360 = Debug|Xbox 360
		PS3 Debug|Mixed platforms = PS3 Debug|Mixed platforms
		PS3 Debug|Win32 = PS3 Debug|Win32
		PS3 Debug|x64 = PS3 Debug|x64
		PS3 Debug|Xbox 360 = PS3 Debug|Xbox 360
		PS3 Release|Mixed platforms = PS3 Release|Mixed platforms
		PS3 Release|Win32 = PS3 Release|Win32
		PS3 Release|x64 = PS3 Release|x64
		PS3 Release|Xbox 360 = PS3 Release|Xbox 360
		Release (Unreal)|Mixed platforms = Release (Unreal)|Mixed platforms
		Release (Unreal)|Win32 = Release (Unreal)|Win32
		Release (Unreal)|x64 = Release (Unreal)|x64
		Release (Unreal)|Xbox 360 = Release (Unreal)|Xbox 360
		Release|Mixed platforms = Release|Mixed platforms
		Release|Win32 = Release|Win32
		Release|x64 = Release|x64
		Release|Xbox 360 = Release|Xbox 360
		Shipping|Mixed platforms = Shipping|Mixed platforms
		Shipping|Win32 = Shipping|Win32
		Shipping|x64 = Shipping|x64
		Shipping|Xbox 360 = Shipping|Xbox 360
		Test|Mixed platforms = Test|Mixed platforms
		Test|Win32 = Test|Win32
		Test|x64 = Test|x64
		Test|Xbox 360 = Test|Xbox 360
	EndGlobalSection
	GlobalSection(ProjectConfigurationPlatforms) = postSolution
		{FD7C5E1A-CFE4-4FD5-A525-1EB1599A39AC}.Debug (Unreal)|Mixed platforms.ActiveCfg = Debug|Any CPU
		{FD7C5E1A-CFE4-4FD5-A525-1EB1599A39AC}.Debug (Unreal)|Mixed platforms.Build.0 = Debug|Any CPU
		{FD7C5E1A-CFE4-4FD5-A525-1EB1599A39AC}.Debug (Unreal)|Win32.ActiveCfg = Debug|Any CPU
		{FD7C5E1A-CFE4-4FD5-A525-1EB1599A39AC}.Debug (Unreal)|x64.ActiveCfg = Debug|Any CPU
		{FD7C5E1A-CFE4-4FD5-A525-1EB1599A39AC}.Debug (Unreal)|Xbox 360.ActiveCfg = Debug|Any CPU
		{FD7C5E1A-CFE4-4FD5-A525-1EB1599A39AC}.Debug|Mixed platforms.ActiveCfg = Release|Any CPU
		{FD7C5E1A-CFE4-4FD5-A525-1EB1599A39AC}.Debug|Mixed platforms.Build.0 = Release|Any CPU
		{FD7C5E1A-CFE4-4FD5-A525-1EB1599A39AC}.Debug|Win32.ActiveCfg = Release|Any CPU
		{FD7C5E1A-CFE4-4FD5-A525-1EB1599A39AC}.Debug|x64.ActiveCfg = Debug|Any CPU
		{FD7C5E1A-CFE4-4FD5-A525-1EB1599A39AC}.Debug|Xbox 360.ActiveCfg = Debug|Any CPU
		{FD7C5E1A-CFE4-4FD5-A525-1EB1599A39AC}.PS3 Debug|Mixed platforms.ActiveCfg = Debug|Any CPU
		{FD7C5E1A-CFE4-4FD5-A525-1EB1599A39AC}.PS3 Debug|Mixed platforms.Build.0 = Debug|Any CPU
		{FD7C5E1A-CFE4-4FD5-A525-1EB1599A39AC}.PS3 Debug|Win32.ActiveCfg = Debug|Any CPU
		{FD7C5E1A-CFE4-4FD5-A525-1EB1599A39AC}.PS3 Debug|x64.ActiveCfg = Debug|Any CPU
		{FD7C5E1A-CFE4-4FD5-A525-1EB1599A39AC}.PS3 Debug|Xbox 360.ActiveCfg = Debug|Any CPU
		{FD7C5E1A-CFE4-4FD5-A525-1EB1599A39AC}.PS3 Release|Mixed platforms.ActiveCfg = Release|Any CPU
		{FD7C5E1A-CFE4-4FD5-A525-1EB1599A39AC}.PS3 Release|Mixed platforms.Build.0 = Release|Any CPU
		{FD7C5E1A-CFE4-4FD5-A525-1EB1599A39AC}.PS3 Release|Win32.ActiveCfg = Release|Any CPU
		{FD7C5E1A-CFE4-4FD5-A525-1EB1599A39AC}.PS3 Release|x64.ActiveCfg = Release|Any CPU
		{FD7C5E1A-CFE4-4FD5-A525-1EB1599A39AC}.PS3 Release|Xbox 360.ActiveCfg = Release|Any CPU
		{FD7C5E1A-CFE4-4FD5-A525-1EB1599A39AC}.Release (Unreal)|Mixed platforms.ActiveCfg = Release|Any CPU
		{FD7C5E1A-CFE4-4FD5-A525-1EB1599A39AC}.Release (Unreal)|Mixed platforms.Build.0 = Release|Any CPU
		{FD7C5E1A-CFE4-4FD5-A525-1EB1599A39AC}.Release (Unreal)|Win32.ActiveCfg = Release|Any CPU
		{FD7C5E1A-CFE4-4FD5-A525-1EB1599A39AC}.Release (Unreal)|x64.ActiveCfg = Release|Any CPU
		{FD7C5E1A-CFE4-4FD5-A525-1EB1599A39AC}.Release (Unreal)|Xbox 360.ActiveCfg = Release|Any CPU
		{FD7C5E1A-CFE4-4FD5-A525-1EB1599A39AC}.Release|Mixed platforms.ActiveCfg = Release|Any CPU
		{FD7C5E1A-CFE4-4FD5-A525-1EB1599A39AC}.Release|Mixed platforms.Build.0 = Release|Any CPU
		{FD7C5E1A-CFE4-4FD5-A525-1EB1599A39AC}.Release|Win32.ActiveCfg = Release|Any CPU
		{FD7C5E1A-CFE4-4FD5-A525-1EB1599A39AC}.Release|x64.ActiveCfg = Release|Any CPU
		{FD7C5E1A-CFE4-4FD5-A525-1EB1599A39AC}.Release|Xbox 360.ActiveCfg = Release|Any CPU
		{FD7C5E1A-CFE4-4FD5-A525-1EB1599A39AC}.Shipping|Mixed platforms.ActiveCfg = Release|Any CPU
		{FD7C5E1A-CFE4-4FD5-A525-1EB1599A39AC}.Shipping|Mixed platforms.Build.0 = Release|Any CPU
		{FD7C5E1A-CFE4-4FD5-A525-1EB1599A39AC}.Shipping|Win32.ActiveCfg = Shipping|Any CPU
		{FD7C5E1A-CFE4-4FD5-A525-1EB1599A39AC}.Shipping|x64.ActiveCfg = Shipping|Any CPU
		{FD7C5E1A-CFE4-4FD5-A525-1EB1599A39AC}.Shipping|Xbox 360.ActiveCfg = Shipping|Any CPU
		{FD7C5E1A-CFE4-4FD5-A525-1EB1599A39AC}.Test|Mixed platforms.ActiveCfg = Release|Any CPU
		{FD7C5E1A-CFE4-4FD5-A525-1EB1599A39AC}.Test|Mixed platforms.Build.0 = Release|Any CPU
		{FD7C5E1A-CFE4-4FD5-A525-1EB1599A39AC}.Test|Win32.ActiveCfg = ShippingDebugConsole|Any CPU
		{FD7C5E1A-CFE4-4FD5-A525-1EB1599A39AC}.Test|x64.ActiveCfg = ShippingDebugConsole|Any CPU
		{FD7C5E1A-CFE4-4FD5-A525-1EB1599A39AC}.Test|Xbox 360.ActiveCfg = ShippingDebugConsole|Any CPU
		{9E3C0A84-2520-4CB2-9202-55AF64CD84A5}.Debug (Unreal)|Mixed platforms.ActiveCfg = BuiltWithUnrealBuildTool|Win32
		{9E3C0A84-2520-4CB2-9202-55AF64CD84A5}.Debug (Unreal)|Mixed platforms.Build.0 = BuiltWithUnrealBuildTool|Win32
		{9E3C0A84-2520-4CB2-9202-55AF64CD84A5}.Debug (Unreal)|Win32.ActiveCfg = BuiltWithUnrealBuildTool|Win32
		{9E3C0A84-2520-4CB2-9202-55AF64CD84A5}.Debug (Unreal)|Win32.Build.0 = BuiltWithUnrealBuildTool|Win32
		{9E3C0A84-2520-4CB2-9202-55AF64CD84A5}.Debug (Unreal)|x64.ActiveCfg = BuiltWithUnrealBuildTool|Win32
		{9E3C0A84-2520-4CB2-9202-55AF64CD84A5}.Debug (Unreal)|Xbox 360.ActiveCfg = BuiltWithUnrealBuildTool|Win32
		{9E3C0A84-2520-4CB2-9202-55AF64CD84A5}.Debug|Mixed platforms.ActiveCfg = BuiltWithUnrealBuildTool|Win32
		{9E3C0A84-2520-4CB2-9202-55AF64CD84A5}.Debug|Win32.ActiveCfg = BuiltWithUnrealBuildTool|Win32
		{9E3C0A84-2520-4CB2-9202-55AF64CD84A5}.Debug|Win32.Build.0 = BuiltWithUnrealBuildTool|Win32
		{9E3C0A84-2520-4CB2-9202-55AF64CD84A5}.Debug|x64.ActiveCfg = BuiltWithUnrealBuildTool|Win32
		{9E3C0A84-2520-4CB2-9202-55AF64CD84A5}.Debug|Xbox 360.ActiveCfg = BuiltWithUnrealBuildTool|Win32
		{9E3C0A84-2520-4CB2-9202-55AF64CD84A5}.PS3 Debug|Mixed platforms.ActiveCfg = BuiltWithUnrealBuildTool|Win32
		{9E3C0A84-2520-4CB2-9202-55AF64CD84A5}.PS3 Debug|Mixed platforms.Build.0 = BuiltWithUnrealBuildTool|Win32
		{9E3C0A84-2520-4CB2-9202-55AF64CD84A5}.PS3 Debug|Win32.ActiveCfg = BuiltWithUnrealBuildTool|Win32
		{9E3C0A84-2520-4CB2-9202-55AF64CD84A5}.PS3 Debug|Win32.Build.0 = BuiltWithUnrealBuildTool|Win32
		{9E3C0A84-2520-4CB2-9202-55AF64CD84A5}.PS3 Debug|x64.ActiveCfg = BuiltWithUnrealBuildTool|Win32
		{9E3C0A84-2520-4CB2-9202-55AF64CD84A5}.PS3 Debug|Xbox 360.ActiveCfg = BuiltWithUnrealBuildTool|Win32
		{9E3C0A84-2520-4CB2-9202-55AF64CD84A5}.PS3 Release|Mixed platforms.ActiveCfg = BuiltWithUnrealBuildTool|Win32
		{9E3C0A84-2520-4CB2-9202-55AF64CD84A5}.PS3 Release|Mixed platforms.Build.0 = BuiltWithUnrealBuildTool|Win32
		{9E3C0A84-2520-4CB2-9202-55AF64CD84A5}.PS3 Release|Win32.ActiveCfg = BuiltWithUnrealBuildTool|Win32
		{9E3C0A84-2520-4CB2-9202-55AF64CD84A5}.PS3 Release|Win32.Build.0 = BuiltWithUnrealBuildTool|Win32
		{9E3C0A84-2520-4CB2-9202-55AF64CD84A5}.PS3 Release|x64.ActiveCfg = BuiltWithUnrealBuildTool|Win32
		{9E3C0A84-2520-4CB2-9202-55AF64CD84A5}.PS3 Release|Xbox 360.ActiveCfg = BuiltWithUnrealBuildTool|Win32
		{9E3C0A84-2520-4CB2-9202-55AF64CD84A5}.Release (Unreal)|Mixed platforms.ActiveCfg = BuiltWithUnrealBuildTool|Win32
		{9E3C0A84-2520-4CB2-9202-55AF64CD84A5}.Release (Unreal)|Mixed platforms.Build.0 = BuiltWithUnrealBuildTool|Win32
		{9E3C0A84-2520-4CB2-9202-55AF64CD84A5}.Release (Unreal)|Win32.ActiveCfg = BuiltWithUnrealBuildTool|Win32
		{9E3C0A84-2520-4CB2-9202-55AF64CD84A5}.Release (Unreal)|Win32.Build.0 = BuiltWithUnrealBuildTool|Win32
		{9E3C0A84-2520-4CB2-9202-55AF64CD84A5}.Release (Unreal)|x64.ActiveCfg = BuiltWithUnrealBuildTool|Win32
		{9E3C0A84-2520-4CB2-9202-55AF64CD84A5}.Release (Unreal)|Xbox 360.ActiveCfg = BuiltWithUnrealBuildTool|Win32
		{9E3C0A84-2520-4CB2-9202-55AF64CD84A5}.Release|Mixed platforms.ActiveCfg = BuiltWithUnrealBuildTool|Win32
		{9E3C0A84-2520-4CB2-9202-55AF64CD84A5}.Release|Mixed platforms.Build.0 = BuiltWithUnrealBuildTool|Win32
		{9E3C0A84-2520-4CB2-9202-55AF64CD84A5}.Release|Win32.ActiveCfg = BuiltWithUnrealBuildTool|Win32
		{9E3C0A84-2520-4CB2-9202-55AF64CD84A5}.Release|Win32.Build.0 = BuiltWithUnrealBuildTool|Win32
		{9E3C0A84-2520-4CB2-9202-55AF64CD84A5}.Release|x64.ActiveCfg = BuiltWithUnrealBuildTool|Win32
		{9E3C0A84-2520-4CB2-9202-55AF64CD84A5}.Release|Xbox 360.ActiveCfg = BuiltWithUnrealBuildTool|Win32
		{9E3C0A84-2520-4CB2-9202-55AF64CD84A5}.Shipping|Mixed platforms.ActiveCfg = BuiltWithUnrealBuildTool|Win32
		{9E3C0A84-2520-4CB2-9202-55AF64CD84A5}.Shipping|Win32.ActiveCfg = BuiltWithUnrealBuildTool|Win32
		{9E3C0A84-2520-4CB2-9202-55AF64CD84A5}.Shipping|Win32.Build.0 = BuiltWithUnrealBuildTool|Win32
		{9E3C0A84-2520-4CB2-9202-55AF64CD84A5}.Shipping|x64.ActiveCfg = BuiltWithUnrealBuildTool|Win32
		{9E3C0A84-2520-4CB2-9202-55AF64CD84A5}.Shipping|Xbox 360.ActiveCfg = BuiltWithUnrealBuildTool|Win32
		{9E3C0A84-2520-4CB2-9202-55AF64CD84A5}.Test|Mixed platforms.ActiveCfg = BuiltWithUnrealBuildTool|Win32
		{9E3C0A84-2520-4CB2-9202-55AF64CD84A5}.Test|Win32.ActiveCfg = BuiltWithUnrealBuildTool|Win32
		{9E3C0A84-2520-4CB2-9202-55AF64CD84A5}.Test|Win32.Build.0 = BuiltWithUnrealBuildTool|Win32
		{9E3C0A84-2520-4CB2-9202-55AF64CD84A5}.Test|x64.ActiveCfg = BuiltWithUnrealBuildTool|Win32
		{9E3C0A84-2520-4CB2-9202-55AF64CD84A5}.Test|Xbox 360.ActiveCfg = BuiltWithUnrealBuildTool|Win32
		{F33F4FE6-1840-446E-A7D8-903B8EDFB14B}.Debug (Unreal)|Mixed platforms.ActiveCfg = BuiltWithUnrealBuildTool|Win32
		{F33F4FE6-1840-446E-A7D8-903B8EDFB14B}.Debug (Unreal)|Mixed platforms.Build.0 = BuiltWithUnrealBuildTool|Win32
		{F33F4FE6-1840-446E-A7D8-903B8EDFB14B}.Debug (Unreal)|Win32.ActiveCfg = BuiltWithUnrealBuildTool|Win32
		{F33F4FE6-1840-446E-A7D8-903B8EDFB14B}.Debug (Unreal)|Win32.Build.0 = BuiltWithUnrealBuildTool|Win32
		{F33F4FE6-1840-446E-A7D8-903B8EDFB14B}.Debug (Unreal)|x64.ActiveCfg = BuiltWithUnrealBuildTool|Win32
		{F33F4FE6-1840-446E-A7D8-903B8EDFB14B}.Debug (Unreal)|Xbox 360.ActiveCfg = BuiltWithUnrealBuildTool|Win32
		{F33F4FE6-1840-446E-A7D8-903B8EDFB14B}.Debug|Mixed platforms.ActiveCfg = BuiltWithUnrealBuildTool|Win32
		{F33F4FE6-1840-446E-A7D8-903B8EDFB14B}.Debug|Win32.ActiveCfg = BuiltWithUnrealBuildTool|Win32
		{F33F4FE6-1840-446E-A7D8-903B8EDFB14B}.Debug|Win32.Build.0 = BuiltWithUnrealBuildTool|Win32
		{F33F4FE6-1840-446E-A7D8-903B8EDFB14B}.Debug|x64.ActiveCfg = BuiltWithUnrealBuildTool|Win32
		{F33F4FE6-1840-446E-A7D8-903B8EDFB14B}.Debug|Xbox 360.ActiveCfg = BuiltWithUnrealBuildTool|Win32
		{F33F4FE6-1840-446E-A7D8-903B8EDFB14B}.PS3 Debug|Mixed platforms.ActiveCfg = BuiltWithUnrealBuildTool|Win32
		{F33F4FE6-1840-446E-A7D8-903B8EDFB14B}.PS3 Debug|Mixed platforms.Build.0 = BuiltWithUnrealBuildTool|Win32
		{F33F4FE6-1840-446E-A7D8-903B8EDFB14B}.PS3 Debug|Win32.ActiveCfg = BuiltWithUnrealBuildTool|Win32
		{F33F4FE6-1840-446E-A7D8-903B8EDFB14B}.PS3 Debug|Win32.Build.0 = BuiltWithUnrealBuildTool|Win32
		{F33F4FE6-1840-446E-A7D8-903B8EDFB14B}.PS3 Debug|x64.ActiveCfg = BuiltWithUnrealBuildTool|Win32
		{F33F4FE6-1840-446E-A7D8-903B8EDFB14B}.PS3 Debug|Xbox 360.ActiveCfg = BuiltWithUnrealBuildTool|Win32
		{F33F4FE6-1840-446E-A7D8-903B8EDFB14B}.PS3 Release|Mixed platforms.ActiveCfg = BuiltWithUnrealBuildTool|Win32
		{F33F4FE6-1840-446E-A7D8-903B8EDFB14B}.PS3 Release|Mixed platforms.Build.0 = BuiltWithUnrealBuildTool|Win32
		{F33F4FE6-1840-446E-A7D8-903B8EDFB14B}.PS3 Release|Win32.ActiveCfg = BuiltWithUnrealBuildTool|Win32
		{F33F4FE6-1840-446E-A7D8-903B8EDFB14B}.PS3 Release|Win32.Build.0 = BuiltWithUnrealBuildTool|Win32
		{F33F4FE6-1840-446E-A7D8-903B8EDFB14B}.PS3 Release|x64.ActiveCfg = BuiltWithUnrealBuildTool|Win32
		{F33F4FE6-1840-446E-A7D8-903B8EDFB14B}.PS3 Release|Xbox 360.ActiveCfg = BuiltWithUnrealBuildTool|Win32
		{F33F4FE6-1840-446E-A7D8-903B8EDFB14B}.Release (Unreal)|Mixed platforms.ActiveCfg = BuiltWithUnrealBuildTool|Win32
		{F33F4FE6-1840-446E-A7D8-903B8EDFB14B}.Release (Unreal)|Mixed platforms.Build.0 = BuiltWithUnrealBuildTool|Win32
		{F33F4FE6-1840-446E-A7D8-903B8EDFB14B}.Release (Unreal)|Win32.ActiveCfg = BuiltWithUnrealBuildTool|Win32
		{F33F4FE6-1840-446E-A7D8-903B8EDFB14B}.Release (Unreal)|Win32.Build.0 = BuiltWithUnrealBuildTool|Win32
		{F33F4FE6-1840-446E-A7D8-903B8EDFB14B}.Release (Unreal)|x64.ActiveCfg = BuiltWithUnrealBuildTool|Win32
		{F33F4FE6-1840-446E-A7D8-903B8EDFB14B}.Release (Unreal)|Xbox 360.ActiveCfg = BuiltWithUnrealBuildTool|Win32
		{F33F4FE6-1840-446E-A7D8-903B8EDFB14B}.Release|Mixed platforms.ActiveCfg = BuiltWithUnrealBuildTool|Win32
		{F33F4FE6-1840-446E-A7D8-903B8EDFB14B}.Release|Mixed platforms.Build.0 = BuiltWithUnrealBuildTool|Win32
		{F33F4FE6-1840-446E-A7D8-903B8EDFB14B}.Release|Win32.ActiveCfg = BuiltWithUnrealBuildTool|Win32
		{F33F4FE6-1840-446E-A7D8-903B8EDFB14B}.Release|Win32.Build.0 = BuiltWithUnrealBuildTool|Win32
		{F33F4FE6-1840-446E-A7D8-903B8EDFB14B}.Release|x64.ActiveCfg = BuiltWithUnrealBuildTool|Win32
		{F33F4FE6-1840-446E-A7D8-903B8EDFB14B}.Release|Xbox 360.ActiveCfg = BuiltWithUnrealBuildTool|Win32
		{F33F4FE6-1840-446E-A7D8-903B8EDFB14B}.Shipping|Mixed platforms.ActiveCfg = BuiltWithUnrealBuildTool|Win32
		{F33F4FE6-1840-446E-A7D8-903B8EDFB14B}.Shipping|Win32.ActiveCfg = BuiltWithUnrealBuildTool|Win32
		{F33F4FE6-1840-446E-A7D8-903B8EDFB14B}.Shipping|Win32.Build.0 = BuiltWithUnrealBuildTool|Win32
		{F33F4FE6-1840-446E-A7D8-903B8EDFB14B}.Shipping|x64.ActiveCfg = BuiltWithUnrealBuildTool|Win32
		{F33F4FE6-1840-446E-A7D8-903B8EDFB14B}.Shipping|Xbox 360.ActiveCfg = BuiltWithUnrealBuildTool|Win32
		{F33F4FE6-1840-446E-A7D8-903B8EDFB14B}.Test|Mixed platforms.ActiveCfg = BuiltWithUnrealBuildTool|Win32
		{F33F4FE6-1840-446E-A7D8-903B8EDFB14B}.Test|Win32.ActiveCfg = BuiltWithUnrealBuildTool|Win32
		{F33F4FE6-1840-446E-A7D8-903B8EDFB14B}.Test|Win32.Build.0 = BuiltWithUnrealBuildTool|Win32
		{F33F4FE6-1840-446E-A7D8-903B8EDFB14B}.Test|x64.ActiveCfg = BuiltWithUnrealBuildTool|Win32
		{F33F4FE6-1840-446E-A7D8-903B8EDFB14B}.Test|Xbox 360.ActiveCfg = BuiltWithUnrealBuildTool|Win32
		{20C50653-B887-40EC-B85B-06BF6E24FDB4}.Debug (Unreal)|Mixed platforms.ActiveCfg = BuiltWithUnrealBuildTool|Win32
		{20C50653-B887-40EC-B85B-06BF6E24FDB4}.Debug (Unreal)|Mixed platforms.Build.0 = BuiltWithUnrealBuildTool|Win32
		{20C50653-B887-40EC-B85B-06BF6E24FDB4}.Debug (Unreal)|Win32.ActiveCfg = BuiltWithUnrealBuildTool|Win32
		{20C50653-B887-40EC-B85B-06BF6E24FDB4}.Debug (Unreal)|Win32.Build.0 = BuiltWithUnrealBuildTool|Win32
		{20C50653-B887-40EC-B85B-06BF6E24FDB4}.Debug (Unreal)|x64.ActiveCfg = BuiltWithUnrealBuildTool|Win32
		{20C50653-B887-40EC-B85B-06BF6E24FDB4}.Debug (Unreal)|Xbox 360.ActiveCfg = BuiltWithUnrealBuildTool|Win32
		{20C50653-B887-40EC-B85B-06BF6E24FDB4}.Debug|Mixed platforms.ActiveCfg = BuiltWithUnrealBuildTool|Win32
		{20C50653-B887-40EC-B85B-06BF6E24FDB4}.Debug|Win32.ActiveCfg = BuiltWithUnrealBuildTool|Win32
		{20C50653-B887-40EC-B85B-06BF6E24FDB4}.Debug|Win32.Build.0 = BuiltWithUnrealBuildTool|Win32
		{20C50653-B887-40EC-B85B-06BF6E24FDB4}.Debug|x64.ActiveCfg = BuiltWithUnrealBuildTool|Win32
		{20C50653-B887-40EC-B85B-06BF6E24FDB4}.Debug|Xbox 360.ActiveCfg = BuiltWithUnrealBuildTool|Win32
		{20C50653-B887-40EC-B85B-06BF6E24FDB4}.PS3 Debug|Mixed platforms.ActiveCfg = BuiltWithUnrealBuildTool|Win32
		{20C50653-B887-40EC-B85B-06BF6E24FDB4}.PS3 Debug|Mixed platforms.Build.0 = BuiltWithUnrealBuildTool|Win32
		{20C50653-B887-40EC-B85B-06BF6E24FDB4}.PS3 Debug|Win32.ActiveCfg = BuiltWithUnrealBuildTool|Win32
		{20C50653-B887-40EC-B85B-06BF6E24FDB4}.PS3 Debug|Win32.Build.0 = BuiltWithUnrealBuildTool|Win32
		{20C50653-B887-40EC-B85B-06BF6E24FDB4}.PS3 Debug|x64.ActiveCfg = BuiltWithUnrealBuildTool|Win32
		{20C50653-B887-40EC-B85B-06BF6E24FDB4}.PS3 Debug|Xbox 360.ActiveCfg = BuiltWithUnrealBuildTool|Win32
		{20C50653-B887-40EC-B85B-06BF6E24FDB4}.PS3 Release|Mixed platforms.ActiveCfg = BuiltWithUnrealBuildTool|Win32
		{20C50653-B887-40EC-B85B-06BF6E24FDB4}.PS3 Release|Mixed platforms.Build.0 = BuiltWithUnrealBuildTool|Win32
		{20C50653-B887-40EC-B85B-06BF6E24FDB4}.PS3 Release|Win32.ActiveCfg = BuiltWithUnrealBuildTool|Win32
		{20C50653-B887-40EC-B85B-06BF6E24FDB4}.PS3 Release|Win32.Build.0 = BuiltWithUnrealBuildTool|Win32
		{20C50653-B887-40EC-B85B-06BF6E24FDB4}.PS3 Release|x64.ActiveCfg = BuiltWithUnrealBuildTool|Win32
		{20C50653-B887-40EC-B85B-06BF6E24FDB4}.PS3 Release|Xbox 360.ActiveCfg = BuiltWithUnrealBuildTool|Win32
		{20C50653-B887-40EC-B85B-06BF6E24FDB4}.Release (Unreal)|Mixed platforms.ActiveCfg = BuiltWithUnrealBuildTool|Win32
		{20C50653-B887-40EC-B85B-06BF6E24FDB4}.Release (Unreal)|Mixed platforms.Build.0 = BuiltWithUnrealBuildTool|Win32
		{20C50653-B887-40EC-B85B-06BF6E24FDB4}.Release (Unreal)|Win32.ActiveCfg = BuiltWithUnrealBuildTool|Win32
		{20C50653-B887-40EC-B85B-06BF6E24FDB4}.Release (Unreal)|Win32.Build.0 = BuiltWithUnrealBuildTool|Win32
		{20C50653-B887-40EC-B85B-06BF6E24FDB4}.Release (Unreal)|x64.ActiveCfg = BuiltWithUnrealBuildTool|Win32
		{20C50653-B887-40EC-B85B-06BF6E24FDB4}.Release (Unreal)|Xbox 360.ActiveCfg = BuiltWithUnrealBuildTool|Win32
		{20C50653-B887-40EC-B85B-06BF6E24FDB4}.Release|Mixed platforms.ActiveCfg = BuiltWithUnrealBuildTool|Win32
		{20C50653-B887-40EC-B85B-06BF6E24FDB4}.Release|Mixed platforms.Build.0 = BuiltWithUnrealBuildTool|Win32
		{20C50653-B887-40EC-B85B-06BF6E24FDB4}.Release|Win32.ActiveCfg = BuiltWithUnrealBuildTool|Win32
		{20C50653-B887-40EC-B85B-06BF6E24FDB4}.Release|Win32.Build.0 = BuiltWithUnrealBuildTool|Win32
		{20C50653-B887-40EC-B85B-06BF6E24FDB4}.Release|x64.ActiveCfg = BuiltWithUnrealBuildTool|Win32
		{20C50653-B887-40EC-B85B-06BF6E24FDB4}.Release|Xbox 360.ActiveCfg = BuiltWithUnrealBuildTool|Win32
		{20C50653-B887-40EC-B85B-06BF6E24FDB4}.Shipping|Mixed platforms.ActiveCfg = BuiltWithUnrealBuildTool|Win32
		{20C50653-B887-40EC-B85B-06BF6E24FDB4}.Shipping|Win32.ActiveCfg = BuiltWithUnrealBuildTool|Win32
		{20C50653-B887-40EC-B85B-06BF6E24FDB4}.Shipping|Win32.Build.0 = BuiltWithUnrealBuildTool|Win32
		{20C50653-B887-40EC-B85B-06BF6E24FDB4}.Shipping|x64.ActiveCfg = BuiltWithUnrealBuildTool|Win32
		{20C50653-B887-40EC-B85B-06BF6E24FDB4}.Shipping|Xbox 360.ActiveCfg = BuiltWithUnrealBuildTool|Win32
		{20C50653-B887-40EC-B85B-06BF6E24FDB4}.Test|Mixed platforms.ActiveCfg = BuiltWithUnrealBuildTool|Win32
		{20C50653-B887-40EC-B85B-06BF6E24FDB4}.Test|Win32.ActiveCfg = BuiltWithUnrealBuildTool|Win32
		{20C50653-B887-40EC-B85B-06BF6E24FDB4}.Test|Win32.Build.0 = BuiltWithUnrealBuildTool|Win32
		{20C50653-B887-40EC-B85B-06BF6E24FDB4}.Test|x64.ActiveCfg = BuiltWithUnrealBuildTool|Win32
		{20C50653-B887-40EC-B85B-06BF6E24FDB4}.Test|Xbox 360.ActiveCfg = BuiltWithUnrealBuildTool|Win32
		{D81C72CB-E8FC-4442-9D29-E060415DDBAA}.Debug (Unreal)|Mixed platforms.ActiveCfg = BuiltWithUnrealBuildTool|Win32
		{D81C72CB-E8FC-4442-9D29-E060415DDBAA}.Debug (Unreal)|Mixed platforms.Build.0 = BuiltWithUnrealBuildTool|Win32
		{D81C72CB-E8FC-4442-9D29-E060415DDBAA}.Debug (Unreal)|Win32.ActiveCfg = BuiltWithUnrealBuildTool|Win32
		{D81C72CB-E8FC-4442-9D29-E060415DDBAA}.Debug (Unreal)|Win32.Build.0 = BuiltWithUnrealBuildTool|Win32
		{D81C72CB-E8FC-4442-9D29-E060415DDBAA}.Debug (Unreal)|x64.ActiveCfg = BuiltWithUnrealBuildTool|Win32
		{D81C72CB-E8FC-4442-9D29-E060415DDBAA}.Debug (Unreal)|Xbox 360.ActiveCfg = BuiltWithUnrealBuildTool|Win32
		{D81C72CB-E8FC-4442-9D29-E060415DDBAA}.Debug|Mixed platforms.ActiveCfg = BuiltWithUnrealBuildTool|Win32
		{D81C72CB-E8FC-4442-9D29-E060415DDBAA}.Debug|Win32.ActiveCfg = BuiltWithUnrealBuildTool|Win32
		{D81C72CB-E8FC-4442-9D29-E060415DDBAA}.Debug|Win32.Build.0 = BuiltWithUnrealBuildTool|Win32
		{D81C72CB-E8FC-4442-9D29-E060415DDBAA}.Debug|x64.ActiveCfg = BuiltWithUnrealBuildTool|Win32
		{D81C72CB-E8FC-4442-9D29-E060415DDBAA}.Debug|Xbox 360.ActiveCfg = BuiltWithUnrealBuildTool|Win32
		{D81C72CB-E8FC-4442-9D29-E060415DDBAA}.PS3 Debug|Mixed platforms.ActiveCfg = BuiltWithUnrealBuildTool|Win32
		{D81C72CB-E8FC-4442-9D29-E060415DDBAA}.PS3 Debug|Mixed platforms.Build.0 = BuiltWithUnrealBuildTool|Win32
		{D81C72CB-E8FC-4442-9D29-E060415DDBAA}.PS3 Debug|Win32.ActiveCfg = BuiltWithUnrealBuildTool|Win32
		{D81C72CB-E8FC-4442-9D29-E060415DDBAA}.PS3 Debug|Win32.Build.0 = BuiltWithUnrealBuildTool|Win32
		{D81C72CB-E8FC-4442-9D29-E060415DDBAA}.PS3 Debug|x64.ActiveCfg = BuiltWithUnrealBuildTool|Win32
		{D81C72CB-E8FC-4442-9D29-E060415DDBAA}.PS3 Debug|Xbox 360.ActiveCfg = BuiltWithUnrealBuildTool|Win32
		{D81C72CB-E8FC-4442-9D29-E060415DDBAA}.PS3 Release|Mixed platforms.ActiveCfg = BuiltWithUnrealBuildTool|Win32
		{D81C72CB-E8FC-4442-9D29-E060415DDBAA}.PS3 Release|Mixed platforms.Build.0 = BuiltWithUnrealBuildTool|Win32
		{D81C72CB-E8FC-4442-9D29-E060415DDBAA}.PS3 Release|Win32.ActiveCfg = BuiltWithUnrealBuildTool|Win32
		{D81C72CB-E8FC-4442-9D29-E060415DDBAA}.PS3 Release|Win32.Build.0 = BuiltWithUnrealBuildTool|Win32
		{D81C72CB-E8FC-4442-9D29-E060415DDBAA}.PS3 Release|x64.ActiveCfg = BuiltWithUnrealBuildTool|Win32
		{D81C72CB-E8FC-4442-9D29-E060415DDBAA}.PS3 Release|Xbox 360.ActiveCfg = BuiltWithUnrealBuildTool|Win32
		{D81C72CB-E8FC-4442-9D29-E060415DDBAA}.Release (Unreal)|Mixed platforms.ActiveCfg = BuiltWithUnrealBuildTool|Win32
		{D81C72CB-E8FC-4442-9D29-E060415DDBAA}.Release (Unreal)|Mixed platforms.Build.0 = BuiltWithUnrealBuildTool|Win32
		{D81C72CB-E8FC-4442-9D29-E060415DDBAA}.Release (Unreal)|Win32.ActiveCfg = BuiltWithUnrealBuildTool|Win32
		{D81C72CB-E8FC-4442-9D29-E060415DDBAA}.Release (Unreal)|Win32.Build.0 = BuiltWithUnrealBuildTool|Win32
		{D81C72CB-E8FC-4442-9D29-E060415DDBAA}.Release (Unreal)|x64.ActiveCfg = BuiltWithUnrealBuildTool|Win32
		{D81C72CB-E8FC-4442-9D29-E060415DDBAA}.Release (Unreal)|Xbox 360.ActiveCfg = BuiltWithUnrealBuildTool|Win32
		{D81C72CB-E8FC-4442-9D29-E060415DDBAA}.Release|Mixed platforms.ActiveCfg = BuiltWithUnrealBuildTool|Win32
		{D81C72CB-E8FC-4442-9D29-E060415DDBAA}.Release|Mixed platforms.Build.0 = BuiltWithUnrealBuildTool|Win32
		{D81C72CB-E8FC-4442-9D29-E060415DDBAA}.Release|Win32.ActiveCfg = BuiltWithUnrealBuildTool|Win32
		{D81C72CB-E8FC-4442-9D29-E060415DDBAA}.Release|Win32.Build.0 = BuiltWithUnrealBuildTool|Win32
		{D81C72CB-E8FC-4442-9D29-E060415DDBAA}.Release|x64.ActiveCfg = BuiltWithUnrealBuildTool|Win32
		{D81C72CB-E8FC-4442-9D29-E060415DDBAA}.Release|Xbox 360.ActiveCfg = BuiltWithUnrealBuildTool|Win32
		{D81C72CB-E8FC-4442-9D29-E060415DDBAA}.Shipping|Mixed platforms.ActiveCfg = BuiltWithUnrealBuildTool|Win32
		{D81C72CB-E8FC-4442-9D29-E060415DDBAA}.Shipping|Win32.ActiveCfg = BuiltWithUnrealBuildTool|Win32
		{D81C72CB-E8FC-4442-9D29-E060415DDBAA}.Shipping|Win32.Build.0 = BuiltWithUnrealBuildTool|Win32
		{D81C72CB-E8FC-4442-9D29-E060415DDBAA}.Shipping|x64.ActiveCfg = BuiltWithUnrealBuildTool|Win32
		{D81C72CB-E8FC-4442-9D29-E060415DDBAA}.Shipping|Xbox 360.ActiveCfg = BuiltWithUnrealBuildTool|Win32
		{D81C72CB-E8FC-4442-9D29-E060415DDBAA}.Test|Mixed platforms.ActiveCfg = BuiltWithUnrealBuildTool|Win32
		{D81C72CB-E8FC-4442-9D29-E060415DDBAA}.Test|Win32.ActiveCfg = BuiltWithUnrealBuildTool|Win32
		{D81C72CB-E8FC-4442-9D29-E060415DDBAA}.Test|Win32.Build.0 = BuiltWithUnrealBuildTool|Win32
		{D81C72CB-E8FC-4442-9D29-E060415DDBAA}.Test|x64.ActiveCfg = BuiltWithUnrealBuildTool|Win32
		{D81C72CB-E8FC-4442-9D29-E060415DDBAA}.Test|Xbox 360.ActiveCfg = BuiltWithUnrealBuildTool|Win32
		{559F6F18-3B99-4A8B-A384-BCF2A9FD69EF}.Debug (Unreal)|Mixed platforms.ActiveCfg = BuiltWithUnrealBuildTool|Win32
		{559F6F18-3B99-4A8B-A384-BCF2A9FD69EF}.Debug (Unreal)|Mixed platforms.Build.0 = BuiltWithUnrealBuildTool|Win32
		{559F6F18-3B99-4A8B-A384-BCF2A9FD69EF}.Debug (Unreal)|Win32.ActiveCfg = BuiltWithUnrealBuildTool|Win32
		{559F6F18-3B99-4A8B-A384-BCF2A9FD69EF}.Debug (Unreal)|Win32.Build.0 = BuiltWithUnrealBuildTool|Win32
		{559F6F18-3B99-4A8B-A384-BCF2A9FD69EF}.Debug (Unreal)|x64.ActiveCfg = BuiltWithUnrealBuildTool|Win32
		{559F6F18-3B99-4A8B-A384-BCF2A9FD69EF}.Debug (Unreal)|Xbox 360.ActiveCfg = BuiltWithUnrealBuildTool|Win32
		{559F6F18-3B99-4A8B-A384-BCF2A9FD69EF}.Debug|Mixed platforms.ActiveCfg = BuiltWithUnrealBuildTool|Win32
		{559F6F18-3B99-4A8B-A384-BCF2A9FD69EF}.Debug|Win32.ActiveCfg = BuiltWithUnrealBuildTool|Win32
		{559F6F18-3B99-4A8B-A384-BCF2A9FD69EF}.Debug|Win32.Build.0 = BuiltWithUnrealBuildTool|Win32
		{559F6F18-3B99-4A8B-A384-BCF2A9FD69EF}.Debug|x64.ActiveCfg = BuiltWithUnrealBuildTool|Win32
		{559F6F18-3B99-4A8B-A384-BCF2A9FD69EF}.Debug|Xbox 360.ActiveCfg = BuiltWithUnrealBuildTool|Win32
		{559F6F18-3B99-4A8B-A384-BCF2A9FD69EF}.PS3 Debug|Mixed platforms.ActiveCfg = BuiltWithUnrealBuildTool|Win32
		{559F6F18-3B99-4A8B-A384-BCF2A9FD69EF}.PS3 Debug|Mixed platforms.Build.0 = BuiltWithUnrealBuildTool|Win32
		{559F6F18-3B99-4A8B-A384-BCF2A9FD69EF}.PS3 Debug|Win32.ActiveCfg = BuiltWithUnrealBuildTool|Win32
		{559F6F18-3B99-4A8B-A384-BCF2A9FD69EF}.PS3 Debug|Win32.Build.0 = BuiltWithUnrealBuildTool|Win32
		{559F6F18-3B99-4A8B-A384-BCF2A9FD69EF}.PS3 Debug|x64.ActiveCfg = BuiltWithUnrealBuildTool|Win32
		{559F6F18-3B99-4A8B-A384-BCF2A9FD69EF}.PS3 Debug|Xbox 360.ActiveCfg = BuiltWithUnrealBuildTool|Win32
		{559F6F18-3B99-4A8B-A384-BCF2A9FD69EF}.PS3 Release|Mixed platforms.ActiveCfg = BuiltWithUnrealBuildTool|Win32
		{559F6F18-3B99-4A8B-A384-BCF2A9FD69EF}.PS3 Release|Mixed platforms.Build.0 = BuiltWithUnrealBuildTool|Win32
		{559F6F18-3B99-4A8B-A384-BCF2A9FD69EF}.PS3 Release|Win32.ActiveCfg = BuiltWithUnrealBuildTool|Win32
		{559F6F18-3B99-4A8B-A384-BCF2A9FD69EF}.PS3 Release|Win32.Build.0 = BuiltWithUnrealBuildTool|Win32
		{559F6F18-3B99-4A8B-A384-BCF2A9FD69EF}.PS3 Release|x64.ActiveCfg = BuiltWithUnrealBuildTool|Win32
		{559F6F18-3B99-4A8B-A384-BCF2A9FD69EF}.PS3 Release|Xbox 360.ActiveCfg = BuiltWithUnrealBuildTool|Win32
		{559F6F18-3B99-4A8B-A384-BCF2A9FD69EF}.Release (Unreal)|Mixed platforms.ActiveCfg = BuiltWithUnrealBuildTool|Win32
		{559F6F18-3B99-4A8B-A384-BCF2A9FD69EF}.Release (Unreal)|Mixed platforms.Build.0 = BuiltWithUnrealBuildTool|Win32
		{559F6F18-3B99-4A8B-A384-BCF2A9FD69EF}.Release (Unreal)|Win32.ActiveCfg = BuiltWithUnrealBuildTool|Win32
		{559F6F18-3B99-4A8B-A384-BCF2A9FD69EF}.Release (Unreal)|Win32.Build.0 = BuiltWithUnrealBuildTool|Win32
		{559F6F18-3B99-4A8B-A384-BCF2A9FD69EF}.Release (Unreal)|x64.ActiveCfg = BuiltWithUnrealBuildTool|Win32
		{559F6F18-3B99-4A8B-A384-BCF2A9FD69EF}.Release (Unreal)|Xbox 360.ActiveCfg = BuiltWithUnrealBuildTool|Win32
		{559F6F18-3B99-4A8B-A384-BCF2A9FD69EF}.Release|Mixed platforms.ActiveCfg = BuiltWithUnrealBuildTool|Win32
		{559F6F18-3B99-4A8B-A384-BCF2A9FD69EF}.Release|Mixed platforms.Build.0 = BuiltWithUnrealBuildTool|Win32
		{559F6F18-3B99-4A8B-A384-BCF2A9FD69EF}.Release|Win32.ActiveCfg = BuiltWithUnrealBuildTool|Win32
		{559F6F18-3B99-4A8B-A384-BCF2A9FD69EF}.Release|Win32.Build.0 = BuiltWithUnrealBuildTool|Win32
		{559F6F18-3B99-4A8B-A384-BCF2A9FD69EF}.Release|x64.ActiveCfg = BuiltWithUnrealBuildTool|Win32
		{559F6F18-3B99-4A8B-A384-BCF2A9FD69EF}.Release|Xbox 360.ActiveCfg = BuiltWithUnrealBuildTool|Win32
		{559F6F18-3B99-4A8B-A384-BCF2A9FD69EF}.Shipping|Mixed platforms.ActiveCfg = BuiltWithUnrealBuildTool|Win32
		{559F6F18-3B99-4A8B-A384-BCF2A9FD69EF}.Shipping|Win32.ActiveCfg = BuiltWithUnrealBuildTool|Win32
		{559F6F18-3B99-4A8B-A384-BCF2A9FD69EF}.Shipping|Win32.Build.0 = BuiltWithUnrealBuildTool|Win32
		{559F6F18-3B99-4A8B-A384-BCF2A9FD69EF}.Shipping|x64.ActiveCfg = BuiltWithUnrealBuildTool|Win32
		{559F6F18-3B99-4A8B-A384-BCF2A9FD69EF}.Shipping|Xbox 360.ActiveCfg = BuiltWithUnrealBuildTool|Win32
		{559F6F18-3B99-4A8B-A384-BCF2A9FD69EF}.Test|Mixed platforms.ActiveCfg = BuiltWithUnrealBuildTool|Win32
		{559F6F18-3B99-4A8B-A384-BCF2A9FD69EF}.Test|Win32.ActiveCfg = BuiltWithUnrealBuildTool|Win32
		{559F6F18-3B99-4A8B-A384-BCF2A9FD69EF}.Test|Win32.Build.0 = BuiltWithUnrealBuildTool|Win32
		{559F6F18-3B99-4A8B-A384-BCF2A9FD69EF}.Test|x64.ActiveCfg = BuiltWithUnrealBuildTool|Win32
		{559F6F18-3B99-4A8B-A384-BCF2A9FD69EF}.Test|Xbox 360.ActiveCfg = BuiltWithUnrealBuildTool|Win32
		{AE2B1A55-E493-4E93-8416-7144201E183E}.Debug (Unreal)|Mixed platforms.ActiveCfg = BuiltWithUnrealBuildTool|Win32
		{AE2B1A55-E493-4E93-8416-7144201E183E}.Debug (Unreal)|Mixed platforms.Build.0 = BuiltWithUnrealBuildTool|Win32
		{AE2B1A55-E493-4E93-8416-7144201E183E}.Debug (Unreal)|Win32.ActiveCfg = BuiltWithUnrealBuildTool|Win32
		{AE2B1A55-E493-4E93-8416-7144201E183E}.Debug (Unreal)|Win32.Build.0 = BuiltWithUnrealBuildTool|Win32
		{AE2B1A55-E493-4E93-8416-7144201E183E}.Debug (Unreal)|x64.ActiveCfg = BuiltWithUnrealBuildTool|Win32
		{AE2B1A55-E493-4E93-8416-7144201E183E}.Debug (Unreal)|Xbox 360.ActiveCfg = BuiltWithUnrealBuildTool|Win32
		{AE2B1A55-E493-4E93-8416-7144201E183E}.Debug|Mixed platforms.ActiveCfg = BuiltWithUnrealBuildTool|Win32
		{AE2B1A55-E493-4E93-8416-7144201E183E}.Debug|Win32.ActiveCfg = BuiltWithUnrealBuildTool|Win32
		{AE2B1A55-E493-4E93-8416-7144201E183E}.Debug|Win32.Build.0 = BuiltWithUnrealBuildTool|Win32
		{AE2B1A55-E493-4E93-8416-7144201E183E}.Debug|x64.ActiveCfg = BuiltWithUnrealBuildTool|Win32
		{AE2B1A55-E493-4E93-8416-7144201E183E}.Debug|Xbox 360.ActiveCfg = BuiltWithUnrealBuildTool|Win32
		{AE2B1A55-E493-4E93-8416-7144201E183E}.PS3 Debug|Mixed platforms.ActiveCfg = BuiltWithUnrealBuildTool|Win32
		{AE2B1A55-E493-4E93-8416-7144201E183E}.PS3 Debug|Mixed platforms.Build.0 = BuiltWithUnrealBuildTool|Win32
		{AE2B1A55-E493-4E93-8416-7144201E183E}.PS3 Debug|Win32.ActiveCfg = BuiltWithUnrealBuildTool|Win32
		{AE2B1A55-E493-4E93-8416-7144201E183E}.PS3 Debug|Win32.Build.0 = BuiltWithUnrealBuildTool|Win32
		{AE2B1A55-E493-4E93-8416-7144201E183E}.PS3 Debug|x64.ActiveCfg = BuiltWithUnrealBuildTool|Win32
		{AE2B1A55-E493-4E93-8416-7144201E183E}.PS3 Debug|Xbox 360.ActiveCfg = BuiltWithUnrealBuildTool|Win32
		{AE2B1A55-E493-4E93-8416-7144201E183E}.PS3 Release|Mixed platforms.ActiveCfg = BuiltWithUnrealBuildTool|Win32
		{AE2B1A55-E493-4E93-8416-7144201E183E}.PS3 Release|Mixed platforms.Build.0 = BuiltWithUnrealBuildTool|Win32
		{AE2B1A55-E493-4E93-8416-7144201E183E}.PS3 Release|Win32.ActiveCfg = BuiltWithUnrealBuildTool|Win32
		{AE2B1A55-E493-4E93-8416-7144201E183E}.PS3 Release|Win32.Build.0 = BuiltWithUnrealBuildTool|Win32
		{AE2B1A55-E493-4E93-8416-7144201E183E}.PS3 Release|x64.ActiveCfg = BuiltWithUnrealBuildTool|Win32
		{AE2B1A55-E493-4E93-8416-7144201E183E}.PS3 Release|Xbox 360.ActiveCfg = BuiltWithUnrealBuildTool|Win32
		{AE2B1A55-E493-4E93-8416-7144201E183E}.Release (Unreal)|Mixed platforms.ActiveCfg = BuiltWithUnrealBuildTool|Win32
		{AE2B1A55-E493-4E93-8416-7144201E183E}.Release (Unreal)|Mixed platforms.Build.0 = BuiltWithUnrealBuildTool|Win32
		{AE2B1A55-E493-4E93-8416-7144201E183E}.Release (Unreal)|Win32.ActiveCfg = BuiltWithUnrealBuildTool|Win32
		{AE2B1A55-E493-4E93-8416-7144201E183E}.Release (Unreal)|Win32.Build.0 = BuiltWithUnrealBuildTool|Win32
		{AE2B1A55-E493-4E93-8416-7144201E183E}.Release (Unreal)|x64.ActiveCfg = BuiltWithUnrealBuildTool|Win32
		{AE2B1A55-E493-4E93-8416-7144201E183E}.Release (Unreal)|Xbox 360.ActiveCfg = BuiltWithUnrealBuildTool|Win32
		{AE2B1A55-E493-4E93-8416-7144201E183E}.Release|Mixed platforms.ActiveCfg = BuiltWithUnrealBuildTool|Win32
		{AE2B1A55-E493-4E93-8416-7144201E183E}.Release|Mixed platforms.Build.0 = BuiltWithUnrealBuildTool|Win32
		{AE2B1A55-E493-4E93-8416-7144201E183E}.Release|Win32.ActiveCfg = BuiltWithUnrealBuildTool|Win32
		{AE2B1A55-E493-4E93-8416-7144201E183E}.Release|Win32.Build.0 = BuiltWithUnrealBuildTool|Win32
		{AE2B1A55-E493-4E93-8416-7144201E183E}.Release|x64.ActiveCfg = BuiltWithUnrealBuildTool|Win32
		{AE2B1A55-E493-4E93-8416-7144201E183E}.Release|Xbox 360.ActiveCfg = BuiltWithUnrealBuildTool|Win32
		{AE2B1A55-E493-4E93-8416-7144201E183E}.Shipping|Mixed platforms.ActiveCfg = BuiltWithUnrealBuildTool|Win32
		{AE2B1A55-E493-4E93-8416-7144201E183E}.Shipping|Win32.ActiveCfg = BuiltWithUnrealBuildTool|Win32
		{AE2B1A55-E493-4E93-8416-7144201E183E}.Shipping|Win32.Build.0 = BuiltWithUnrealBuildTool|Win32
		{AE2B1A55-E493-4E93-8416-7144201E183E}.Shipping|x64.ActiveCfg = BuiltWithUnrealBuildTool|Win32
		{AE2B1A55-E493-4E93-8416-7144201E183E}.Shipping|Xbox 360.ActiveCfg = BuiltWithUnrealBuildTool|Win32
		{AE2B1A55-E493-4E93-8416-7144201E183E}.Test|Mixed platforms.ActiveCfg = BuiltWithUnrealBuildTool|Win32
		{AE2B1A55-E493-4E93-8416-7144201E183E}.Test|Win32.ActiveCfg = BuiltWithUnrealBuildTool|Win32
		{AE2B1A55-E493-4E93-8416-7144201E183E}.Test|Win32.Build.0 = BuiltWithUnrealBuildTool|Win32
		{AE2B1A55-E493-4E93-8416-7144201E183E}.Test|x64.ActiveCfg = BuiltWithUnrealBuildTool|Win32
		{AE2B1A55-E493-4E93-8416-7144201E183E}.Test|Xbox 360.ActiveCfg = BuiltWithUnrealBuildTool|Win32
		{77D547F4-1691-42B3-99D3-FB4429DE2ADB}.Debug (Unreal)|Mixed platforms.ActiveCfg = BuiltWithUnrealBuildTool|Win32
		{77D547F4-1691-42B3-99D3-FB4429DE2ADB}.Debug (Unreal)|Mixed platforms.Build.0 = BuiltWithUnrealBuildTool|Win32
		{77D547F4-1691-42B3-99D3-FB4429DE2ADB}.Debug (Unreal)|Win32.ActiveCfg = BuiltWithUnrealBuildTool|Win32
		{77D547F4-1691-42B3-99D3-FB4429DE2ADB}.Debug (Unreal)|Win32.Build.0 = BuiltWithUnrealBuildTool|Win32
		{77D547F4-1691-42B3-99D3-FB4429DE2ADB}.Debug (Unreal)|x64.ActiveCfg = BuiltWithUnrealBuildTool|Win32
		{77D547F4-1691-42B3-99D3-FB4429DE2ADB}.Debug (Unreal)|Xbox 360.ActiveCfg = BuiltWithUnrealBuildTool|Win32
		{77D547F4-1691-42B3-99D3-FB4429DE2ADB}.Debug|Mixed platforms.ActiveCfg = BuiltWithUnrealBuildTool|Win32
		{77D547F4-1691-42B3-99D3-FB4429DE2ADB}.Debug|Win32.ActiveCfg = BuiltWithUnrealBuildTool|Win32
		{77D547F4-1691-42B3-99D3-FB4429DE2ADB}.Debug|Win32.Build.0 = BuiltWithUnrealBuildTool|Win32
		{77D547F4-1691-42B3-99D3-FB4429DE2ADB}.Debug|x64.ActiveCfg = BuiltWithUnrealBuildTool|Win32
		{77D547F4-1691-42B3-99D3-FB4429DE2ADB}.Debug|Xbox 360.ActiveCfg = BuiltWithUnrealBuildTool|Win32
		{77D547F4-1691-42B3-99D3-FB4429DE2ADB}.PS3 Debug|Mixed platforms.ActiveCfg = BuiltWithUnrealBuildTool|Win32
		{77D547F4-1691-42B3-99D3-FB4429DE2ADB}.PS3 Debug|Mixed platforms.Build.0 = BuiltWithUnrealBuildTool|Win32
		{77D547F4-1691-42B3-99D3-FB4429DE2ADB}.PS3 Debug|Win32.ActiveCfg = BuiltWithUnrealBuildTool|Win32
		{77D547F4-1691-42B3-99D3-FB4429DE2ADB}.PS3 Debug|Win32.Build.0 = BuiltWithUnrealBuildTool|Win32
		{77D547F4-1691-42B3-99D3-FB4429DE2ADB}.PS3 Debug|x64.ActiveCfg = BuiltWithUnrealBuildTool|Win32
		{77D547F4-1691-42B3-99D3-FB4429DE2ADB}.PS3 Debug|Xbox 360.ActiveCfg = BuiltWithUnrealBuildTool|Win32
		{77D547F4-1691-42B3-99D3-FB4429DE2ADB}.PS3 Release|Mixed platforms.ActiveCfg = BuiltWithUnrealBuildTool|Win32
		{77D547F4-1691-42B3-99D3-FB4429DE2ADB}.PS3 Release|Mixed platforms.Build.0 = BuiltWithUnrealBuildTool|Win32
		{77D547F4-1691-42B3-99D3-FB4429DE2ADB}.PS3 Release|Win32.ActiveCfg = BuiltWithUnrealBuildTool|Win32
		{77D547F4-1691-42B3-99D3-FB4429DE2ADB}.PS3 Release|Win32.Build.0 = BuiltWithUnrealBuildTool|Win32
		{77D547F4-1691-42B3-99D3-FB4429DE2ADB}.PS3 Release|x64.ActiveCfg = BuiltWithUnrealBuildTool|Win32
		{77D547F4-1691-42B3-99D3-FB4429DE2ADB}.PS3 Release|Xbox 360.ActiveCfg = BuiltWithUnrealBuildTool|Win32
		{77D547F4-1691-42B3-99D3-FB4429DE2ADB}.Release (Unreal)|Mixed platforms.ActiveCfg = BuiltWithUnrealBuildTool|Win32
		{77D547F4-1691-42B3-99D3-FB4429DE2ADB}.Release (Unreal)|Mixed platforms.Build.0 = BuiltWithUnrealBuildTool|Win32
		{77D547F4-1691-42B3-99D3-FB4429DE2ADB}.Release (Unreal)|Win32.ActiveCfg = BuiltWithUnrealBuildTool|Win32
		{77D547F4-1691-42B3-99D3-FB4429DE2ADB}.Release (Unreal)|Win32.Build.0 = BuiltWithUnrealBuildTool|Win32
		{77D547F4-1691-42B3-99D3-FB4429DE2ADB}.Release (Unreal)|x64.ActiveCfg = BuiltWithUnrealBuildTool|Win32
		{77D547F4-1691-42B3-99D3-FB4429DE2ADB}.Release (Unreal)|Xbox 360.ActiveCfg = BuiltWithUnrealBuildTool|Win32
		{77D547F4-1691-42B3-99D3-FB4429DE2ADB}.Release|Mixed platforms.ActiveCfg = BuiltWithUnrealBuildTool|Win32
		{77D547F4-1691-42B3-99D3-FB4429DE2ADB}.Release|Mixed platforms.Build.0 = BuiltWithUnrealBuildTool|Win32
		{77D547F4-1691-42B3-99D3-FB4429DE2ADB}.Release|Win32.ActiveCfg = BuiltWithUnrealBuildTool|Win32
		{77D547F4-1691-42B3-99D3-FB4429DE2ADB}.Release|Win32.Build.0 = BuiltWithUnrealBuildTool|Win32
		{77D547F4-1691-42B3-99D3-FB4429DE2ADB}.Release|x64.ActiveCfg = BuiltWithUnrealBuildTool|Win32
		{77D547F4-1691-42B3-99D3-FB4429DE2ADB}.Release|Xbox 360.ActiveCfg = BuiltWithUnrealBuildTool|Win32
		{77D547F4-1691-42B3-99D3-FB4429DE2ADB}.Shipping|Mixed platforms.ActiveCfg = BuiltWithUnrealBuildTool|Win32
		{77D547F4-1691-42B3-99D3-FB4429DE2ADB}.Shipping|Win32.ActiveCfg = BuiltWithUnrealBuildTool|Win32
		{77D547F4-1691-42B3-99D3-FB4429DE2ADB}.Shipping|Win32.Build.0 = BuiltWithUnrealBuildTool|Win32
		{77D547F4-1691-42B3-99D3-FB4429DE2ADB}.Shipping|x64.ActiveCfg = BuiltWithUnrealBuildTool|Win32
		{77D547F4-1691-42B3-99D3-FB4429DE2ADB}.Shipping|Xbox 360.ActiveCfg = BuiltWithUnrealBuildTool|Win32
		{77D547F4-1691-42B3-99D3-FB4429DE2ADB}.Test|Mixed platforms.ActiveCfg = BuiltWithUnrealBuildTool|Win32
		{77D547F4-1691-42B3-99D3-FB4429DE2ADB}.Test|Win32.ActiveCfg = BuiltWithUnrealBuildTool|Win32
		{77D547F4-1691-42B3-99D3-FB4429DE2ADB}.Test|Win32.Build.0 = BuiltWithUnrealBuildTool|Win32
		{77D547F4-1691-42B3-99D3-FB4429DE2ADB}.Test|x64.ActiveCfg = BuiltWithUnrealBuildTool|Win32
		{77D547F4-1691-42B3-99D3-FB4429DE2ADB}.Test|Xbox 360.ActiveCfg = BuiltWithUnrealBuildTool|Win32
		{0EE028CA-72A3-4A1D-ADEF-0D60B3B2EEE7}.Debug (Unreal)|Mixed platforms.ActiveCfg = BuiltWithUnrealBuildTool|Win32
		{0EE028CA-72A3-4A1D-ADEF-0D60B3B2EEE7}.Debug (Unreal)|Mixed platforms.Build.0 = BuiltWithUnrealBuildTool|Win32
		{0EE028CA-72A3-4A1D-ADEF-0D60B3B2EEE7}.Debug (Unreal)|Win32.ActiveCfg = BuiltWithUnrealBuildTool|Win32
		{0EE028CA-72A3-4A1D-ADEF-0D60B3B2EEE7}.Debug (Unreal)|Win32.Build.0 = BuiltWithUnrealBuildTool|Win32
		{0EE028CA-72A3-4A1D-ADEF-0D60B3B2EEE7}.Debug (Unreal)|x64.ActiveCfg = BuiltWithUnrealBuildTool|Win32
		{0EE028CA-72A3-4A1D-ADEF-0D60B3B2EEE7}.Debug (Unreal)|Xbox 360.ActiveCfg = BuiltWithUnrealBuildTool|Win32
		{0EE028CA-72A3-4A1D-ADEF-0D60B3B2EEE7}.Debug|Mixed platforms.ActiveCfg = BuiltWithUnrealBuildTool|Win32
		{0EE028CA-72A3-4A1D-ADEF-0D60B3B2EEE7}.Debug|Win32.ActiveCfg = BuiltWithUnrealBuildTool|Win32
		{0EE028CA-72A3-4A1D-ADEF-0D60B3B2EEE7}.Debug|Win32.Build.0 = BuiltWithUnrealBuildTool|Win32
		{0EE028CA-72A3-4A1D-ADEF-0D60B3B2EEE7}.Debug|x64.ActiveCfg = BuiltWithUnrealBuildTool|Win32
		{0EE028CA-72A3-4A1D-ADEF-0D60B3B2EEE7}.Debug|Xbox 360.ActiveCfg = BuiltWithUnrealBuildTool|Win32
		{0EE028CA-72A3-4A1D-ADEF-0D60B3B2EEE7}.PS3 Debug|Mixed platforms.ActiveCfg = BuiltWithUnrealBuildTool|Win32
		{0EE028CA-72A3-4A1D-ADEF-0D60B3B2EEE7}.PS3 Debug|Mixed platforms.Build.0 = BuiltWithUnrealBuildTool|Win32
		{0EE028CA-72A3-4A1D-ADEF-0D60B3B2EEE7}.PS3 Debug|Win32.ActiveCfg = BuiltWithUnrealBuildTool|Win32
		{0EE028CA-72A3-4A1D-ADEF-0D60B3B2EEE7}.PS3 Debug|Win32.Build.0 = BuiltWithUnrealBuildTool|Win32
		{0EE028CA-72A3-4A1D-ADEF-0D60B3B2EEE7}.PS3 Debug|x64.ActiveCfg = BuiltWithUnrealBuildTool|Win32
		{0EE028CA-72A3-4A1D-ADEF-0D60B3B2EEE7}.PS3 Debug|Xbox 360.ActiveCfg = BuiltWithUnrealBuildTool|Win32
		{0EE028CA-72A3-4A1D-ADEF-0D60B3B2EEE7}.PS3 Release|Mixed platforms.ActiveCfg = BuiltWithUnrealBuildTool|Win32
		{0EE028CA-72A3-4A1D-ADEF-0D60B3B2EEE7}.PS3 Release|Mixed platforms.Build.0 = BuiltWithUnrealBuildTool|Win32
		{0EE028CA-72A3-4A1D-ADEF-0D60B3B2EEE7}.PS3 Release|Win32.ActiveCfg = BuiltWithUnrealBuildTool|Win32
		{0EE028CA-72A3-4A1D-ADEF-0D60B3B2EEE7}.PS3 Release|Win32.Build.0 = BuiltWithUnrealBuildTool|Win32
		{0EE028CA-72A3-4A1D-ADEF-0D60B3B2EEE7}.PS3 Release|x64.ActiveCfg = BuiltWithUnrealBuildTool|Win32
		{0EE028CA-72A3-4A1D-ADEF-0D60B3B2EEE7}.PS3 Release|Xbox 360.ActiveCfg = BuiltWithUnrealBuildTool|Win32
		{0EE028CA-72A3-4A1D-ADEF-0D60B3B2EEE7}.Release (Unreal)|Mixed platforms.ActiveCfg = BuiltWithUnrealBuildTool|Win32
		{0EE028CA-72A3-4A1D-ADEF-0D60B3B2EEE7}.Release (Unreal)|Mixed platforms.Build.0 = BuiltWithUnrealBuildTool|Win32
		{0EE028CA-72A3-4A1D-ADEF-0D60B3B2EEE7}.Release (Unreal)|Win32.ActiveCfg = BuiltWithUnrealBuildTool|Win32
		{0EE028CA-72A3-4A1D-ADEF-0D60B3B2EEE7}.Release (Unreal)|Win32.Build.0 = BuiltWithUnrealBuildTool|Win32
		{0EE028CA-72A3-4A1D-ADEF-0D60B3B2EEE7}.Release (Unreal)|x64.ActiveCfg = BuiltWithUnrealBuildTool|Win32
		{0EE028CA-72A3-4A1D-ADEF-0D60B3B2EEE7}.Release (Unreal)|Xbox 360.ActiveCfg = BuiltWithUnrealBuildTool|Win32
		{0EE028CA-72A3-4A1D-ADEF-0D60B3B2EEE7}.Release|Mixed platforms.ActiveCfg = BuiltWithUnrealBuildTool|Win32
		{0EE028CA-72A3-4A1D-ADEF-0D60B3B2EEE7}.Release|Mixed platforms.Build.0 = BuiltWithUnrealBuildTool|Win32
		{0EE028CA-72A3-4A1D-ADEF-0D60B3B2EEE7}.Release|Win32.ActiveCfg = BuiltWithUnrealBuildTool|Win32
		{0EE028CA-72A3-4A1D-ADEF-0D60B3B2EEE7}.Release|Win32.Build.0 = BuiltWithUnrealBuildTool|Win32
		{0EE028CA-72A3-4A1D-ADEF-0D60B3B2EEE7}.Release|x64.ActiveCfg = BuiltWithUnrealBuildTool|Win32
		{0EE028CA-72A3-4A1D-ADEF-0D60B3B2EEE7}.Release|Xbox 360.ActiveCfg = BuiltWithUnrealBuildTool|Win32
		{0EE028CA-72A3-4A1D-ADEF-0D60B3B2EEE7}.Shipping|Mixed platforms.ActiveCfg = BuiltWithUnrealBuildTool|Win32
		{0EE028CA-72A3-4A1D-ADEF-0D60B3B2EEE7}.Shipping|Win32.ActiveCfg = BuiltWithUnrealBuildTool|Win32
		{0EE028CA-72A3-4A1D-ADEF-0D60B3B2EEE7}.Shipping|Win32.Build.0 = BuiltWithUnrealBuildTool|Win32
		{0EE028CA-72A3-4A1D-ADEF-0D60B3B2EEE7}.Shipping|x64.ActiveCfg = BuiltWithUnrealBuildTool|Win32
		{0EE028CA-72A3-4A1D-ADEF-0D60B3B2EEE7}.Shipping|Xbox 360.ActiveCfg = BuiltWithUnrealBuildTool|Win32
		{0EE028CA-72A3-4A1D-ADEF-0D60B3B2EEE7}.Test|Mixed platforms.ActiveCfg = BuiltWithUnrealBuildTool|Win32
		{0EE028CA-72A3-4A1D-ADEF-0D60B3B2EEE7}.Test|Win32.ActiveCfg = BuiltWithUnrealBuildTool|Win32
		{0EE028CA-72A3-4A1D-ADEF-0D60B3B2EEE7}.Test|Win32.Build.0 = BuiltWithUnrealBuildTool|Win32
		{0EE028CA-72A3-4A1D-ADEF-0D60B3B2EEE7}.Test|x64.ActiveCfg = BuiltWithUnrealBuildTool|Win32
		{0EE028CA-72A3-4A1D-ADEF-0D60B3B2EEE7}.Test|Xbox 360.ActiveCfg = BuiltWithUnrealBuildTool|Win32
		{D93141B3-0FF3-46D0-922A-0972439B37AA}.Debug (Unreal)|Mixed platforms.ActiveCfg = BuiltWithUnrealBuildTool|Win32
		{D93141B3-0FF3-46D0-922A-0972439B37AA}.Debug (Unreal)|Mixed platforms.Build.0 = BuiltWithUnrealBuildTool|Win32
		{D93141B3-0FF3-46D0-922A-0972439B37AA}.Debug (Unreal)|Win32.ActiveCfg = BuiltWithUnrealBuildTool|Win32
		{D93141B3-0FF3-46D0-922A-0972439B37AA}.Debug (Unreal)|Win32.Build.0 = BuiltWithUnrealBuildTool|Win32
		{D93141B3-0FF3-46D0-922A-0972439B37AA}.Debug (Unreal)|x64.ActiveCfg = BuiltWithUnrealBuildTool|Win32
		{D93141B3-0FF3-46D0-922A-0972439B37AA}.Debug (Unreal)|Xbox 360.ActiveCfg = BuiltWithUnrealBuildTool|Win32
		{D93141B3-0FF3-46D0-922A-0972439B37AA}.Debug|Mixed platforms.ActiveCfg = BuiltWithUnrealBuildTool|Win32
		{D93141B3-0FF3-46D0-922A-0972439B37AA}.Debug|Win32.ActiveCfg = BuiltWithUnrealBuildTool|Win32
		{D93141B3-0FF3-46D0-922A-0972439B37AA}.Debug|Win32.Build.0 = BuiltWithUnrealBuildTool|Win32
		{D93141B3-0FF3-46D0-922A-0972439B37AA}.Debug|x64.ActiveCfg = BuiltWithUnrealBuildTool|Win32
		{D93141B3-0FF3-46D0-922A-0972439B37AA}.Debug|Xbox 360.ActiveCfg = BuiltWithUnrealBuildTool|Win32
		{D93141B3-0FF3-46D0-922A-0972439B37AA}.PS3 Debug|Mixed platforms.ActiveCfg = BuiltWithUnrealBuildTool|Win32
		{D93141B3-0FF3-46D0-922A-0972439B37AA}.PS3 Debug|Mixed platforms.Build.0 = BuiltWithUnrealBuildTool|Win32
		{D93141B3-0FF3-46D0-922A-0972439B37AA}.PS3 Debug|Win32.ActiveCfg = BuiltWithUnrealBuildTool|Win32
		{D93141B3-0FF3-46D0-922A-0972439B37AA}.PS3 Debug|Win32.Build.0 = BuiltWithUnrealBuildTool|Win32
		{D93141B3-0FF3-46D0-922A-0972439B37AA}.PS3 Debug|x64.ActiveCfg = BuiltWithUnrealBuildTool|Win32
		{D93141B3-0FF3-46D0-922A-0972439B37AA}.PS3 Debug|Xbox 360.ActiveCfg = BuiltWithUnrealBuildTool|Win32
		{D93141B3-0FF3-46D0-922A-0972439B37AA}.PS3 Release|Mixed platforms.ActiveCfg = BuiltWithUnrealBuildTool|Win32
		{D93141B3-0FF3-46D0-922A-0972439B37AA}.PS3 Release|Mixed platforms.Build.0 = BuiltWithUnrealBuildTool|Win32
		{D93141B3-0FF3-46D0-922A-0972439B37AA}.PS3 Release|Win32.ActiveCfg = BuiltWithUnrealBuildTool|Win32
		{D93141B3-0FF3-46D0-922A-0972439B37AA}.PS3 Release|Win32.Build.0 = BuiltWithUnrealBuildTool|Win32
		{D93141B3-0FF3-46D0-922A-0972439B37AA}.PS3 Release|x64.ActiveCfg = BuiltWithUnrealBuildTool|Win32
		{D93141B3-0FF3-46D0-922A-0972439B37AA}.PS3 Release|Xbox 360.ActiveCfg = BuiltWithUnrealBuildTool|Win32
		{D93141B3-0FF3-46D0-922A-0972439B37AA}.Release (Unreal)|Mixed platforms.ActiveCfg = BuiltWithUnrealBuildTool|Win32
		{D93141B3-0FF3-46D0-922A-0972439B37AA}.Release (Unreal)|Mixed platforms.Build.0 = BuiltWithUnrealBuildTool|Win32
		{D93141B3-0FF3-46D0-922A-0972439B37AA}.Release (Unreal)|Win32.ActiveCfg = BuiltWithUnrealBuildTool|Win32
		{D93141B3-0FF3-46D0-922A-0972439B37AA}.Release (Unreal)|Win32.Build.0 = BuiltWithUnrealBuildTool|Win32
		{D93141B3-0FF3-46D0-922A-0972439B37AA}.Release (Unreal)|x64.ActiveCfg = BuiltWithUnrealBuildTool|Win32
		{D93141B3-0FF3-46D0-922A-0972439B37AA}.Release (Unreal)|Xbox 360.ActiveCfg = BuiltWithUnrealBuildTool|Win32
		{D93141B3-0FF3-46D0-922A-0972439B37AA}.Release|Mixed platforms.ActiveCfg = BuiltWithUnrealBuildTool|Win32
		{D93141B3-0FF3-46D0-922A-0972439B37AA}.Release|Mixed platforms.Build.0 = BuiltWithUnrealBuildTool|Win32
		{D93141B3-0FF3-46D0-922A-0972439B37AA}.Release|Win32.ActiveCfg = BuiltWithUnrealBuildTool|Win32
		{D93141B3-0FF3-46D0-922A-0972439B37AA}.Release|Win32.Build.0 = BuiltWithUnrealBuildTool|Win32
		{D93141B3-0FF3-46D0-922A-0972439B37AA}.Release|x64.ActiveCfg = BuiltWithUnrealBuildTool|Win32
		{D93141B3-0FF3-46D0-922A-0972439B37AA}.Release|Xbox 360.ActiveCfg = BuiltWithUnrealBuildTool|Win32
		{D93141B3-0FF3-46D0-922A-0972439B37AA}.Shipping|Mixed platforms.ActiveCfg = BuiltWithUnrealBuildTool|Win32
		{D93141B3-0FF3-46D0-922A-0972439B37AA}.Shipping|Win32.ActiveCfg = BuiltWithUnrealBuildTool|Win32
		{D93141B3-0FF3-46D0-922A-0972439B37AA}.Shipping|Win32.Build.0 = BuiltWithUnrealBuildTool|Win32
		{D93141B3-0FF3-46D0-922A-0972439B37AA}.Shipping|x64.ActiveCfg = BuiltWithUnrealBuildTool|Win32
		{D93141B3-0FF3-46D0-922A-0972439B37AA}.Shipping|Xbox 360.ActiveCfg = BuiltWithUnrealBuildTool|Win32
		{D93141B3-0FF3-46D0-922A-0972439B37AA}.Test|Mixed platforms.ActiveCfg = BuiltWithUnrealBuildTool|Win32
		{D93141B3-0FF3-46D0-922A-0972439B37AA}.Test|Win32.ActiveCfg = BuiltWithUnrealBuildTool|Win32
		{D93141B3-0FF3-46D0-922A-0972439B37AA}.Test|Win32.Build.0 = BuiltWithUnrealBuildTool|Win32
		{D93141B3-0FF3-46D0-922A-0972439B37AA}.Test|x64.ActiveCfg = BuiltWithUnrealBuildTool|Win32
		{D93141B3-0FF3-46D0-922A-0972439B37AA}.Test|Xbox 360.ActiveCfg = BuiltWithUnrealBuildTool|Win32
		{59496D24-4556-4DF9-814A-157366C784E6}.Debug (Unreal)|Mixed platforms.ActiveCfg = BuiltWithUnrealBuildTool|Win32
		{59496D24-4556-4DF9-814A-157366C784E6}.Debug (Unreal)|Mixed platforms.Build.0 = BuiltWithUnrealBuildTool|Win32
		{59496D24-4556-4DF9-814A-157366C784E6}.Debug (Unreal)|Win32.ActiveCfg = BuiltWithUnrealBuildTool|Win32
		{59496D24-4556-4DF9-814A-157366C784E6}.Debug (Unreal)|Win32.Build.0 = BuiltWithUnrealBuildTool|Win32
		{59496D24-4556-4DF9-814A-157366C784E6}.Debug (Unreal)|x64.ActiveCfg = BuiltWithUnrealBuildTool|Win32
		{59496D24-4556-4DF9-814A-157366C784E6}.Debug (Unreal)|Xbox 360.ActiveCfg = BuiltWithUnrealBuildTool|Win32
		{59496D24-4556-4DF9-814A-157366C784E6}.Debug|Mixed platforms.ActiveCfg = BuiltWithUnrealBuildTool|Win32
		{59496D24-4556-4DF9-814A-157366C784E6}.Debug|Win32.ActiveCfg = BuiltWithUnrealBuildTool|Win32
		{59496D24-4556-4DF9-814A-157366C784E6}.Debug|Win32.Build.0 = BuiltWithUnrealBuildTool|Win32
		{59496D24-4556-4DF9-814A-157366C784E6}.Debug|x64.ActiveCfg = BuiltWithUnrealBuildTool|Win32
		{59496D24-4556-4DF9-814A-157366C784E6}.Debug|Xbox 360.ActiveCfg = BuiltWithUnrealBuildTool|Win32
		{59496D24-4556-4DF9-814A-157366C784E6}.PS3 Debug|Mixed platforms.ActiveCfg = BuiltWithUnrealBuildTool|Win32
		{59496D24-4556-4DF9-814A-157366C784E6}.PS3 Debug|Mixed platforms.Build.0 = BuiltWithUnrealBuildTool|Win32
		{59496D24-4556-4DF9-814A-157366C784E6}.PS3 Debug|Win32.ActiveCfg = BuiltWithUnrealBuildTool|Win32
		{59496D24-4556-4DF9-814A-157366C784E6}.PS3 Debug|Win32.Build.0 = BuiltWithUnrealBuildTool|Win32
		{59496D24-4556-4DF9-814A-157366C784E6}.PS3 Debug|x64.ActiveCfg = BuiltWithUnrealBuildTool|Win32
		{59496D24-4556-4DF9-814A-157366C784E6}.PS3 Debug|Xbox 360.ActiveCfg = BuiltWithUnrealBuildTool|Win32
		{59496D24-4556-4DF9-814A-157366C784E6}.PS3 Release|Mixed platforms.ActiveCfg = BuiltWithUnrealBuildTool|Win32
		{59496D24-4556-4DF9-814A-157366C784E6}.PS3 Release|Mixed platforms.Build.0 = BuiltWithUnrealBuildTool|Win32
		{59496D24-4556-4DF9-814A-157366C784E6}.PS3 Release|Win32.ActiveCfg = BuiltWithUnrealBuildTool|Win32
		{59496D24-4556-4DF9-814A-157366C784E6}.PS3 Release|Win32.Build.0 = BuiltWithUnrealBuildTool|Win32
		{59496D24-4556-4DF9-814A-157366C784E6}.PS3 Release|x64.ActiveCfg = BuiltWithUnrealBuildTool|Win32
		{59496D24-4556-4DF9-814A-157366C784E6}.PS3 Release|Xbox 360.ActiveCfg = BuiltWithUnrealBuildTool|Win32
		{59496D24-4556-4DF9-814A-157366C784E6}.Release (Unreal)|Mixed platforms.ActiveCfg = BuiltWithUnrealBuildTool|Win32
		{59496D24-4556-4DF9-814A-157366C784E6}.Release (Unreal)|Mixed platforms.Build.0 = BuiltWithUnrealBuildTool|Win32
		{59496D24-4556-4DF9-814A-157366C784E6}.Release (Unreal)|Win32.ActiveCfg = BuiltWithUnrealBuildTool|Win32
		{59496D24-4556-4DF9-814A-157366C784E6}.Release (Unreal)|Win32.Build.0 = BuiltWithUnrealBuildTool|Win32
		{59496D24-4556-4DF9-814A-157366C784E6}.Release (Unreal)|x64.ActiveCfg = BuiltWithUnrealBuildTool|Win32
		{59496D24-4556-4DF9-814A-157366C784E6}.Release (Unreal)|Xbox 360.ActiveCfg = BuiltWithUnrealBuildTool|Win32
		{59496D24-4556-4DF9-814A-157366C784E6}.Release|Mixed platforms.ActiveCfg = BuiltWithUnrealBuildTool|Win32
		{59496D24-4556-4DF9-814A-157366C784E6}.Release|Mixed platforms.Build.0 = BuiltWithUnrealBuildTool|Win32
		{59496D24-4556-4DF9-814A-157366C784E6}.Release|Win32.ActiveCfg = BuiltWithUnrealBuildTool|Win32
		{59496D24-4556-4DF9-814A-157366C784E6}.Release|Win32.Build.0 = BuiltWithUnrealBuildTool|Win32
		{59496D24-4556-4DF9-814A-157366C784E6}.Release|x64.ActiveCfg = BuiltWithUnrealBuildTool|Win32
		{59496D24-4556-4DF9-814A-157366C784E6}.Release|Xbox 360.ActiveCfg = BuiltWithUnrealBuildTool|Win32
		{59496D24-4556-4DF9-814A-157366C784E6}.Shipping|Mixed platforms.ActiveCfg = BuiltWithUnrealBuildTool|Win32
		{59496D24-4556-4DF9-814A-157366C784E6}.Shipping|Win32.ActiveCfg = BuiltWithUnrealBuildTool|Win32
		{59496D24-4556-4DF9-814A-157366C784E6}.Shipping|Win32.Build.0 = BuiltWithUnrealBuildTool|Win32
		{59496D24-4556-4DF9-814A-157366C784E6}.Shipping|x64.ActiveCfg = BuiltWithUnrealBuildTool|Win32
		{59496D24-4556-4DF9-814A-157366C784E6}.Shipping|Xbox 360.ActiveCfg = BuiltWithUnrealBuildTool|Win32
		{59496D24-4556-4DF9-814A-157366C784E6}.Test|Mixed platforms.ActiveCfg = BuiltWithUnrealBuildTool|Win32
		{59496D24-4556-4DF9-814A-157366C784E6}.Test|Win32.ActiveCfg = BuiltWithUnrealBuildTool|Win32
		{59496D24-4556-4DF9-814A-157366C784E6}.Test|Win32.Build.0 = BuiltWithUnrealBuildTool|Win32
		{59496D24-4556-4DF9-814A-157366C784E6}.Test|x64.ActiveCfg = BuiltWithUnrealBuildTool|Win32
		{59496D24-4556-4DF9-814A-157366C784E6}.Test|Xbox 360.ActiveCfg = BuiltWithUnrealBuildTool|Win32
		{CB870BCA-E5E6-467F-AA38-CE5DF837D968}.Debug (Unreal)|Mixed platforms.ActiveCfg = BuiltWithUnrealBuildTool|Win32
		{CB870BCA-E5E6-467F-AA38-CE5DF837D968}.Debug (Unreal)|Mixed platforms.Build.0 = BuiltWithUnrealBuildTool|Win32
		{CB870BCA-E5E6-467F-AA38-CE5DF837D968}.Debug (Unreal)|Win32.ActiveCfg = BuiltWithUnrealBuildTool|Win32
		{CB870BCA-E5E6-467F-AA38-CE5DF837D968}.Debug (Unreal)|Win32.Build.0 = BuiltWithUnrealBuildTool|Win32
		{CB870BCA-E5E6-467F-AA38-CE5DF837D968}.Debug (Unreal)|x64.ActiveCfg = BuiltWithUnrealBuildTool|Win32
		{CB870BCA-E5E6-467F-AA38-CE5DF837D968}.Debug (Unreal)|Xbox 360.ActiveCfg = BuiltWithUnrealBuildTool|Win32
		{CB870BCA-E5E6-467F-AA38-CE5DF837D968}.Debug|Mixed platforms.ActiveCfg = BuiltWithUnrealBuildTool|Win32
		{CB870BCA-E5E6-467F-AA38-CE5DF837D968}.Debug|Win32.ActiveCfg = BuiltWithUnrealBuildTool|Win32
		{CB870BCA-E5E6-467F-AA38-CE5DF837D968}.Debug|Win32.Build.0 = BuiltWithUnrealBuildTool|Win32
		{CB870BCA-E5E6-467F-AA38-CE5DF837D968}.Debug|x64.ActiveCfg = BuiltWithUnrealBuildTool|Win32
		{CB870BCA-E5E6-467F-AA38-CE5DF837D968}.Debug|Xbox 360.ActiveCfg = BuiltWithUnrealBuildTool|Win32
		{CB870BCA-E5E6-467F-AA38-CE5DF837D968}.PS3 Debug|Mixed platforms.ActiveCfg = BuiltWithUnrealBuildTool|Win32
		{CB870BCA-E5E6-467F-AA38-CE5DF837D968}.PS3 Debug|Mixed platforms.Build.0 = BuiltWithUnrealBuildTool|Win32
		{CB870BCA-E5E6-467F-AA38-CE5DF837D968}.PS3 Debug|Win32.ActiveCfg = BuiltWithUnrealBuildTool|Win32
		{CB870BCA-E5E6-467F-AA38-CE5DF837D968}.PS3 Debug|Win32.Build.0 = BuiltWithUnrealBuildTool|Win32
		{CB870BCA-E5E6-467F-AA38-CE5DF837D968}.PS3 Debug|x64.ActiveCfg = BuiltWithUnrealBuildTool|Win32
		{CB870BCA-E5E6-467F-AA38-CE5DF837D968}.PS3 Debug|Xbox 360.ActiveCfg = BuiltWithUnrealBuildTool|Win32
		{CB870BCA-E5E6-467F-AA38-CE5DF837D968}.PS3 Release|Mixed platforms.ActiveCfg = BuiltWithUnrealBuildTool|Win32
		{CB870BCA-E5E6-467F-AA38-CE5DF837D968}.PS3 Release|Mixed platforms.Build.0 = BuiltWithUnrealBuildTool|Win32
		{CB870BCA-E5E6-467F-AA38-CE5DF837D968}.PS3 Release|Win32.ActiveCfg = BuiltWithUnrealBuildTool|Win32
		{CB870BCA-E5E6-467F-AA38-CE5DF837D968}.PS3 Release|Win32.Build.0 = BuiltWithUnrealBuildTool|Win32
		{CB870BCA-E5E6-467F-AA38-CE5DF837D968}.PS3 Release|x64.ActiveCfg = BuiltWithUnrealBuildTool|Win32
		{CB870BCA-E5E6-467F-AA38-CE5DF837D968}.PS3 Release|Xbox 360.ActiveCfg = BuiltWithUnrealBuildTool|Win32
		{CB870BCA-E5E6-467F-AA38-CE5DF837D968}.Release (Unreal)|Mixed platforms.ActiveCfg = BuiltWithUnrealBuildTool|Win32
		{CB870BCA-E5E6-467F-AA38-CE5DF837D968}.Release (Unreal)|Mixed platforms.Build.0 = BuiltWithUnrealBuildTool|Win32
		{CB870BCA-E5E6-467F-AA38-CE5DF837D968}.Release (Unreal)|Win32.ActiveCfg = BuiltWithUnrealBuildTool|Win32
		{CB870BCA-E5E6-467F-AA38-CE5DF837D968}.Release (Unreal)|Win32.Build.0 = BuiltWithUnrealBuildTool|Win32
		{CB870BCA-E5E6-467F-AA38-CE5DF837D968}.Release (Unreal)|x64.ActiveCfg = BuiltWithUnrealBuildTool|Win32
		{CB870BCA-E5E6-467F-AA38-CE5DF837D968}.Release (Unreal)|Xbox 360.ActiveCfg = BuiltWithUnrealBuildTool|Win32
		{CB870BCA-E5E6-467F-AA38-CE5DF837D968}.Release|Mixed platforms.ActiveCfg = BuiltWithUnrealBuildTool|Win32
		{CB870BCA-E5E6-467F-AA38-CE5DF837D968}.Release|Mixed platforms.Build.0 = BuiltWithUnrealBuildTool|Win32
		{CB870BCA-E5E6-467F-AA38-CE5DF837D968}.Release|Win32.ActiveCfg = BuiltWithUnrealBuildTool|Win32
		{CB870BCA-E5E6-467F-AA38-CE5DF837D968}.Release|Win32.Build.0 = BuiltWithUnrealBuildTool|Win32
		{CB870BCA-E5E6-467F-AA38-CE5DF837D968}.Release|x64.ActiveCfg = BuiltWithUnrealBuildTool|Win32
		{CB870BCA-E5E6-467F-AA38-CE5DF837D968}.Release|Xbox 360.ActiveCfg = BuiltWithUnrealBuildTool|Win32
		{CB870BCA-E5E6-467F-AA38-CE5DF837D968}.Shipping|Mixed platforms.ActiveCfg = BuiltWithUnrealBuildTool|Win32
		{CB870BCA-E5E6-467F-AA38-CE5DF837D968}.Shipping|Win32.ActiveCfg = BuiltWithUnrealBuildTool|Win32
		{CB870BCA-E5E6-467F-AA38-CE5DF837D968}.Shipping|Win32.Build.0 = BuiltWithUnrealBuildTool|Win32
		{CB870BCA-E5E6-467F-AA38-CE5DF837D968}.Shipping|x64.ActiveCfg = BuiltWithUnrealBuildTool|Win32
		{CB870BCA-E5E6-467F-AA38-CE5DF837D968}.Shipping|Xbox 360.ActiveCfg = BuiltWithUnrealBuildTool|Win32
		{CB870BCA-E5E6-467F-AA38-CE5DF837D968}.Test|Mixed platforms.ActiveCfg = BuiltWithUnrealBuildTool|Win32
		{CB870BCA-E5E6-467F-AA38-CE5DF837D968}.Test|Win32.ActiveCfg = BuiltWithUnrealBuildTool|Win32
		{CB870BCA-E5E6-467F-AA38-CE5DF837D968}.Test|Win32.Build.0 = BuiltWithUnrealBuildTool|Win32
		{CB870BCA-E5E6-467F-AA38-CE5DF837D968}.Test|x64.ActiveCfg = BuiltWithUnrealBuildTool|Win32
		{CB870BCA-E5E6-467F-AA38-CE5DF837D968}.Test|Xbox 360.ActiveCfg = BuiltWithUnrealBuildTool|Win32
		{EC63BC3B-61DC-4831-A12E-A1E5441D4A8B}.Debug (Unreal)|Mixed platforms.ActiveCfg = BuiltWithUnrealBuildTool|Win32
		{EC63BC3B-61DC-4831-A12E-A1E5441D4A8B}.Debug (Unreal)|Mixed platforms.Build.0 = BuiltWithUnrealBuildTool|Win32
		{EC63BC3B-61DC-4831-A12E-A1E5441D4A8B}.Debug (Unreal)|Win32.ActiveCfg = BuiltWithUnrealBuildTool|Win32
		{EC63BC3B-61DC-4831-A12E-A1E5441D4A8B}.Debug (Unreal)|Win32.Build.0 = BuiltWithUnrealBuildTool|Win32
		{EC63BC3B-61DC-4831-A12E-A1E5441D4A8B}.Debug (Unreal)|x64.ActiveCfg = BuiltWithUnrealBuildTool|Win32
		{EC63BC3B-61DC-4831-A12E-A1E5441D4A8B}.Debug (Unreal)|Xbox 360.ActiveCfg = BuiltWithUnrealBuildTool|Win32
		{EC63BC3B-61DC-4831-A12E-A1E5441D4A8B}.Debug|Mixed platforms.ActiveCfg = BuiltWithUnrealBuildTool|Win32
		{EC63BC3B-61DC-4831-A12E-A1E5441D4A8B}.Debug|Win32.ActiveCfg = BuiltWithUnrealBuildTool|Win32
		{EC63BC3B-61DC-4831-A12E-A1E5441D4A8B}.Debug|Win32.Build.0 = BuiltWithUnrealBuildTool|Win32
		{EC63BC3B-61DC-4831-A12E-A1E5441D4A8B}.Debug|x64.ActiveCfg = BuiltWithUnrealBuildTool|Win32
		{EC63BC3B-61DC-4831-A12E-A1E5441D4A8B}.Debug|Xbox 360.ActiveCfg = BuiltWithUnrealBuildTool|Win32
		{EC63BC3B-61DC-4831-A12E-A1E5441D4A8B}.PS3 Debug|Mixed platforms.ActiveCfg = BuiltWithUnrealBuildTool|Win32
		{EC63BC3B-61DC-4831-A12E-A1E5441D4A8B}.PS3 Debug|Mixed platforms.Build.0 = BuiltWithUnrealBuildTool|Win32
		{EC63BC3B-61DC-4831-A12E-A1E5441D4A8B}.PS3 Debug|Win32.ActiveCfg = BuiltWithUnrealBuildTool|Win32
		{EC63BC3B-61DC-4831-A12E-A1E5441D4A8B}.PS3 Debug|Win32.Build.0 = BuiltWithUnrealBuildTool|Win32
		{EC63BC3B-61DC-4831-A12E-A1E5441D4A8B}.PS3 Debug|x64.ActiveCfg = BuiltWithUnrealBuildTool|Win32
		{EC63BC3B-61DC-4831-A12E-A1E5441D4A8B}.PS3 Debug|Xbox 360.ActiveCfg = BuiltWithUnrealBuildTool|Win32
		{EC63BC3B-61DC-4831-A12E-A1E5441D4A8B}.PS3 Release|Mixed platforms.ActiveCfg = BuiltWithUnrealBuildTool|Win32
		{EC63BC3B-61DC-4831-A12E-A1E5441D4A8B}.PS3 Release|Mixed platforms.Build.0 = BuiltWithUnrealBuildTool|Win32
		{EC63BC3B-61DC-4831-A12E-A1E5441D4A8B}.PS3 Release|Win32.ActiveCfg = BuiltWithUnrealBuildTool|Win32
		{EC63BC3B-61DC-4831-A12E-A1E5441D4A8B}.PS3 Release|Win32.Build.0 = BuiltWithUnrealBuildTool|Win32
		{EC63BC3B-61DC-4831-A12E-A1E5441D4A8B}.PS3 Release|x64.ActiveCfg = BuiltWithUnrealBuildTool|Win32
		{EC63BC3B-61DC-4831-A12E-A1E5441D4A8B}.PS3 Release|Xbox 360.ActiveCfg = BuiltWithUnrealBuildTool|Win32
		{EC63BC3B-61DC-4831-A12E-A1E5441D4A8B}.Release (Unreal)|Mixed platforms.ActiveCfg = BuiltWithUnrealBuildTool|Win32
		{EC63BC3B-61DC-4831-A12E-A1E5441D4A8B}.Release (Unreal)|Mixed platforms.Build.0 = BuiltWithUnrealBuildTool|Win32
		{EC63BC3B-61DC-4831-A12E-A1E5441D4A8B}.Release (Unreal)|Win32.ActiveCfg = BuiltWithUnrealBuildTool|Win32
		{EC63BC3B-61DC-4831-A12E-A1E5441D4A8B}.Release (Unreal)|Win32.Build.0 = BuiltWithUnrealBuildTool|Win32
		{EC63BC3B-61DC-4831-A12E-A1E5441D4A8B}.Release (Unreal)|x64.ActiveCfg = BuiltWithUnrealBuildTool|Win32
		{EC63BC3B-61DC-4831-A12E-A1E5441D4A8B}.Release (Unreal)|Xbox 360.ActiveCfg = BuiltWithUnrealBuildTool|Win32
		{EC63BC3B-61DC-4831-A12E-A1E5441D4A8B}.Release|Mixed platforms.ActiveCfg = BuiltWithUnrealBuildTool|Win32
		{EC63BC3B-61DC-4831-A12E-A1E5441D4A8B}.Release|Mixed platforms.Build.0 = BuiltWithUnrealBuildTool|Win32
		{EC63BC3B-61DC-4831-A12E-A1E5441D4A8B}.Release|Win32.ActiveCfg = BuiltWithUnrealBuildTool|Win32
		{EC63BC3B-61DC-4831-A12E-A1E5441D4A8B}.Release|Win32.Build.0 = BuiltWithUnrealBuildTool|Win32
		{EC63BC3B-61DC-4831-A12E-A1E5441D4A8B}.Release|x64.ActiveCfg = BuiltWithUnrealBuildTool|Win32
		{EC63BC3B-61DC-4831-A12E-A1E5441D4A8B}.Release|Xbox 360.ActiveCfg = BuiltWithUnrealBuildTool|Win32
		{EC63BC3B-61DC-4831-A12E-A1E5441D4A8B}.Shipping|Mixed platforms.ActiveCfg = BuiltWithUnrealBuildTool|Win32
		{EC63BC3B-61DC-4831-A12E-A1E5441D4A8B}.Shipping|Win32.ActiveCfg = BuiltWithUnrealBuildTool|Win32
		{EC63BC3B-61DC-4831-A12E-A1E5441D4A8B}.Shipping|Win32.Build.0 = BuiltWithUnrealBuildTool|Win32
		{EC63BC3B-61DC-4831-A12E-A1E5441D4A8B}.Shipping|x64.ActiveCfg = BuiltWithUnrealBuildTool|Win32
		{EC63BC3B-61DC-4831-A12E-A1E5441D4A8B}.Shipping|Xbox 360.ActiveCfg = BuiltWithUnrealBuildTool|Win32
		{EC63BC3B-61DC-4831-A12E-A1E5441D4A8B}.Test|Mixed platforms.ActiveCfg = BuiltWithUnrealBuildTool|Win32
		{EC63BC3B-61DC-4831-A12E-A1E5441D4A8B}.Test|Win32.ActiveCfg = BuiltWithUnrealBuildTool|Win32
		{EC63BC3B-61DC-4831-A12E-A1E5441D4A8B}.Test|Win32.Build.0 = BuiltWithUnrealBuildTool|Win32
		{EC63BC3B-61DC-4831-A12E-A1E5441D4A8B}.Test|x64.ActiveCfg = BuiltWithUnrealBuildTool|Win32
		{EC63BC3B-61DC-4831-A12E-A1E5441D4A8B}.Test|Xbox 360.ActiveCfg = BuiltWithUnrealBuildTool|Win32
		{53ADE45D-BB75-4F27-9AAA-41A2262058A9}.Debug (Unreal)|Mixed platforms.ActiveCfg = BuiltWithUnrealBuildTool|Win32
		{53ADE45D-BB75-4F27-9AAA-41A2262058A9}.Debug (Unreal)|Mixed platforms.Build.0 = BuiltWithUnrealBuildTool|Win32
		{53ADE45D-BB75-4F27-9AAA-41A2262058A9}.Debug (Unreal)|Win32.ActiveCfg = BuiltWithUnrealBuildTool|Win32
		{53ADE45D-BB75-4F27-9AAA-41A2262058A9}.Debug (Unreal)|Win32.Build.0 = BuiltWithUnrealBuildTool|Win32
		{53ADE45D-BB75-4F27-9AAA-41A2262058A9}.Debug (Unreal)|x64.ActiveCfg = BuiltWithUnrealBuildTool|Win32
		{53ADE45D-BB75-4F27-9AAA-41A2262058A9}.Debug (Unreal)|Xbox 360.ActiveCfg = BuiltWithUnrealBuildTool|Win32
		{53ADE45D-BB75-4F27-9AAA-41A2262058A9}.Debug|Mixed platforms.ActiveCfg = BuiltWithUnrealBuildTool|Win32
		{53ADE45D-BB75-4F27-9AAA-41A2262058A9}.Debug|Win32.ActiveCfg = BuiltWithUnrealBuildTool|Win32
		{53ADE45D-BB75-4F27-9AAA-41A2262058A9}.Debug|Win32.Build.0 = BuiltWithUnrealBuildTool|Win32
		{53ADE45D-BB75-4F27-9AAA-41A2262058A9}.Debug|x64.ActiveCfg = BuiltWithUnrealBuildTool|Win32
		{53ADE45D-BB75-4F27-9AAA-41A2262058A9}.Debug|Xbox 360.ActiveCfg = BuiltWithUnrealBuildTool|Win32
		{53ADE45D-BB75-4F27-9AAA-41A2262058A9}.PS3 Debug|Mixed platforms.ActiveCfg = BuiltWithUnrealBuildTool|Win32
		{53ADE45D-BB75-4F27-9AAA-41A2262058A9}.PS3 Debug|Mixed platforms.Build.0 = BuiltWithUnrealBuildTool|Win32
		{53ADE45D-BB75-4F27-9AAA-41A2262058A9}.PS3 Debug|Win32.ActiveCfg = BuiltWithUnrealBuildTool|Win32
		{53ADE45D-BB75-4F27-9AAA-41A2262058A9}.PS3 Debug|Win32.Build.0 = BuiltWithUnrealBuildTool|Win32
		{53ADE45D-BB75-4F27-9AAA-41A2262058A9}.PS3 Debug|x64.ActiveCfg = BuiltWithUnrealBuildTool|Win32
		{53ADE45D-BB75-4F27-9AAA-41A2262058A9}.PS3 Debug|Xbox 360.ActiveCfg = BuiltWithUnrealBuildTool|Win32
		{53ADE45D-BB75-4F27-9AAA-41A2262058A9}.PS3 Release|Mixed platforms.ActiveCfg = BuiltWithUnrealBuildTool|Win32
		{53ADE45D-BB75-4F27-9AAA-41A2262058A9}.PS3 Release|Mixed platforms.Build.0 = BuiltWithUnrealBuildTool|Win32
		{53ADE45D-BB75-4F27-9AAA-41A2262058A9}.PS3 Release|Win32.ActiveCfg = BuiltWithUnrealBuildTool|Win32
		{53ADE45D-BB75-4F27-9AAA-41A2262058A9}.PS3 Release|Win32.Build.0 = BuiltWithUnrealBuildTool|Win32
		{53ADE45D-BB75-4F27-9AAA-41A2262058A9}.PS3 Release|x64.ActiveCfg = BuiltWithUnrealBuildTool|Win32
		{53ADE45D-BB75-4F27-9AAA-41A2262058A9}.PS3 Release|Xbox 360.ActiveCfg = BuiltWithUnrealBuildTool|Win32
		{53ADE45D-BB75-4F27-9AAA-41A2262058A9}.Release (Unreal)|Mixed platforms.ActiveCfg = BuiltWithUnrealBuildTool|Win32
		{53ADE45D-BB75-4F27-9AAA-41A2262058A9}.Release (Unreal)|Mixed platforms.Build.0 = BuiltWithUnrealBuildTool|Win32
		{53ADE45D-BB75-4F27-9AAA-41A2262058A9}.Release (Unreal)|Win32.ActiveCfg = BuiltWithUnrealBuildTool|Win32
		{53ADE45D-BB75-4F27-9AAA-41A2262058A9}.Release (Unreal)|Win32.Build.0 = BuiltWithUnrealBuildTool|Win32
		{53ADE45D-BB75-4F27-9AAA-41A2262058A9}.Release (Unreal)|x64.ActiveCfg = BuiltWithUnrealBuildTool|Win32
		{53ADE45D-BB75-4F27-9AAA-41A2262058A9}.Release (Unreal)|Xbox 360.ActiveCfg = BuiltWithUnrealBuildTool|Win32
		{53ADE45D-BB75-4F27-9AAA-41A2262058A9}.Release|Mixed platforms.ActiveCfg = BuiltWithUnrealBuildTool|Win32
		{53ADE45D-BB75-4F27-9AAA-41A2262058A9}.Release|Mixed platforms.Build.0 = BuiltWithUnrealBuildTool|Win32
		{53ADE45D-BB75-4F27-9AAA-41A2262058A9}.Release|Win32.ActiveCfg = BuiltWithUnrealBuildTool|Win32
		{53ADE45D-BB75-4F27-9AAA-41A2262058A9}.Release|Win32.Build.0 = BuiltWithUnrealBuildTool|Win32
		{53ADE45D-BB75-4F27-9AAA-41A2262058A9}.Release|x64.ActiveCfg = BuiltWithUnrealBuildTool|Win32
		{53ADE45D-BB75-4F27-9AAA-41A2262058A9}.Release|Xbox 360.ActiveCfg = BuiltWithUnrealBuildTool|Win32
		{53ADE45D-BB75-4F27-9AAA-41A2262058A9}.Shipping|Mixed platforms.ActiveCfg = BuiltWithUnrealBuildTool|Win32
		{53ADE45D-BB75-4F27-9AAA-41A2262058A9}.Shipping|Win32.ActiveCfg = BuiltWithUnrealBuildTool|Win32
		{53ADE45D-BB75-4F27-9AAA-41A2262058A9}.Shipping|Win32.Build.0 = BuiltWithUnrealBuildTool|Win32
		{53ADE45D-BB75-4F27-9AAA-41A2262058A9}.Shipping|x64.ActiveCfg = BuiltWithUnrealBuildTool|Win32
		{53ADE45D-BB75-4F27-9AAA-41A2262058A9}.Shipping|Xbox 360.ActiveCfg = BuiltWithUnrealBuildTool|Win32
		{53ADE45D-BB75-4F27-9AAA-41A2262058A9}.Test|Mixed platforms.ActiveCfg = BuiltWithUnrealBuildTool|Win32
		{53ADE45D-BB75-4F27-9AAA-41A2262058A9}.Test|Win32.ActiveCfg = BuiltWithUnrealBuildTool|Win32
		{53ADE45D-BB75-4F27-9AAA-41A2262058A9}.Test|Win32.Build.0 = BuiltWithUnrealBuildTool|Win32
		{53ADE45D-BB75-4F27-9AAA-41A2262058A9}.Test|x64.ActiveCfg = BuiltWithUnrealBuildTool|Win32
		{53ADE45D-BB75-4F27-9AAA-41A2262058A9}.Test|Xbox 360.ActiveCfg = BuiltWithUnrealBuildTool|Win32
		{69DADB65-3DF8-46F3-9040-799336D7C046}.Debug (Unreal)|Mixed platforms.ActiveCfg = BuiltWithUnrealBuildTool|Win32
		{69DADB65-3DF8-46F3-9040-799336D7C046}.Debug (Unreal)|Mixed platforms.Build.0 = BuiltWithUnrealBuildTool|Win32
		{69DADB65-3DF8-46F3-9040-799336D7C046}.Debug (Unreal)|Win32.ActiveCfg = BuiltWithUnrealBuildTool|Win32
		{69DADB65-3DF8-46F3-9040-799336D7C046}.Debug (Unreal)|Win32.Build.0 = BuiltWithUnrealBuildTool|Win32
		{69DADB65-3DF8-46F3-9040-799336D7C046}.Debug (Unreal)|x64.ActiveCfg = BuiltWithUnrealBuildTool|Win32
		{69DADB65-3DF8-46F3-9040-799336D7C046}.Debug (Unreal)|Xbox 360.ActiveCfg = BuiltWithUnrealBuildTool|Win32
		{69DADB65-3DF8-46F3-9040-799336D7C046}.Debug|Mixed platforms.ActiveCfg = BuiltWithUnrealBuildTool|Win32
		{69DADB65-3DF8-46F3-9040-799336D7C046}.Debug|Win32.ActiveCfg = BuiltWithUnrealBuildTool|Win32
		{69DADB65-3DF8-46F3-9040-799336D7C046}.Debug|Win32.Build.0 = BuiltWithUnrealBuildTool|Win32
		{69DADB65-3DF8-46F3-9040-799336D7C046}.Debug|x64.ActiveCfg = BuiltWithUnrealBuildTool|Win32
		{69DADB65-3DF8-46F3-9040-799336D7C046}.Debug|Xbox 360.ActiveCfg = BuiltWithUnrealBuildTool|Win32
		{69DADB65-3DF8-46F3-9040-799336D7C046}.PS3 Debug|Mixed platforms.ActiveCfg = BuiltWithUnrealBuildTool|Win32
		{69DADB65-3DF8-46F3-9040-799336D7C046}.PS3 Debug|Mixed platforms.Build.0 = BuiltWithUnrealBuildTool|Win32
		{69DADB65-3DF8-46F3-9040-799336D7C046}.PS3 Debug|Win32.ActiveCfg = BuiltWithUnrealBuildTool|Win32
		{69DADB65-3DF8-46F3-9040-799336D7C046}.PS3 Debug|Win32.Build.0 = BuiltWithUnrealBuildTool|Win32
		{69DADB65-3DF8-46F3-9040-799336D7C046}.PS3 Debug|x64.ActiveCfg = BuiltWithUnrealBuildTool|Win32
		{69DADB65-3DF8-46F3-9040-799336D7C046}.PS3 Debug|Xbox 360.ActiveCfg = BuiltWithUnrealBuildTool|Win32
		{69DADB65-3DF8-46F3-9040-799336D7C046}.PS3 Release|Mixed platforms.ActiveCfg = BuiltWithUnrealBuildTool|Win32
		{69DADB65-3DF8-46F3-9040-799336D7C046}.PS3 Release|Mixed platforms.Build.0 = BuiltWithUnrealBuildTool|Win32
		{69DADB65-3DF8-46F3-9040-799336D7C046}.PS3 Release|Win32.ActiveCfg = BuiltWithUnrealBuildTool|Win32
		{69DADB65-3DF8-46F3-9040-799336D7C046}.PS3 Release|Win32.Build.0 = BuiltWithUnrealBuildTool|Win32
		{69DADB65-3DF8-46F3-9040-799336D7C046}.PS3 Release|x64.ActiveCfg = BuiltWithUnrealBuildTool|Win32
		{69DADB65-3DF8-46F3-9040-799336D7C046}.PS3 Release|Xbox 360.ActiveCfg = BuiltWithUnrealBuildTool|Win32
		{69DADB65-3DF8-46F3-9040-799336D7C046}.Release (Unreal)|Mixed platforms.ActiveCfg = BuiltWithUnrealBuildTool|Win32
		{69DADB65-3DF8-46F3-9040-799336D7C046}.Release (Unreal)|Mixed platforms.Build.0 = BuiltWithUnrealBuildTool|Win32
		{69DADB65-3DF8-46F3-9040-799336D7C046}.Release (Unreal)|Win32.ActiveCfg = BuiltWithUnrealBuildTool|Win32
		{69DADB65-3DF8-46F3-9040-799336D7C046}.Release (Unreal)|Win32.Build.0 = BuiltWithUnrealBuildTool|Win32
		{69DADB65-3DF8-46F3-9040-799336D7C046}.Release (Unreal)|x64.ActiveCfg = BuiltWithUnrealBuildTool|Win32
		{69DADB65-3DF8-46F3-9040-799336D7C046}.Release (Unreal)|Xbox 360.ActiveCfg = BuiltWithUnrealBuildTool|Win32
		{69DADB65-3DF8-46F3-9040-799336D7C046}.Release|Mixed platforms.ActiveCfg = BuiltWithUnrealBuildTool|Win32
		{69DADB65-3DF8-46F3-9040-799336D7C046}.Release|Mixed platforms.Build.0 = BuiltWithUnrealBuildTool|Win32
		{69DADB65-3DF8-46F3-9040-799336D7C046}.Release|Win32.ActiveCfg = BuiltWithUnrealBuildTool|Win32
		{69DADB65-3DF8-46F3-9040-799336D7C046}.Release|Win32.Build.0 = BuiltWithUnrealBuildTool|Win32
		{69DADB65-3DF8-46F3-9040-799336D7C046}.Release|x64.ActiveCfg = BuiltWithUnrealBuildTool|Win32
		{69DADB65-3DF8-46F3-9040-799336D7C046}.Release|Xbox 360.ActiveCfg = BuiltWithUnrealBuildTool|Win32
		{69DADB65-3DF8-46F3-9040-799336D7C046}.Shipping|Mixed platforms.ActiveCfg = BuiltWithUnrealBuildTool|Win32
		{69DADB65-3DF8-46F3-9040-799336D7C046}.Shipping|Win32.ActiveCfg = BuiltWithUnrealBuildTool|Win32
		{69DADB65-3DF8-46F3-9040-799336D7C046}.Shipping|Win32.Build.0 = BuiltWithUnrealBuildTool|Win32
		{69DADB65-3DF8-46F3-9040-799336D7C046}.Shipping|x64.ActiveCfg = BuiltWithUnrealBuildTool|Win32
		{69DADB65-3DF8-46F3-9040-799336D7C046}.Shipping|Xbox 360.ActiveCfg = BuiltWithUnrealBuildTool|Win32
		{69DADB65-3DF8-46F3-9040-799336D7C046}.Test|Mixed platforms.ActiveCfg = BuiltWithUnrealBuildTool|Win32
		{69DADB65-3DF8-46F3-9040-799336D7C046}.Test|Win32.ActiveCfg = BuiltWithUnrealBuildTool|Win32
		{69DADB65-3DF8-46F3-9040-799336D7C046}.Test|Win32.Build.0 = BuiltWithUnrealBuildTool|Win32
		{69DADB65-3DF8-46F3-9040-799336D7C046}.Test|x64.ActiveCfg = BuiltWithUnrealBuildTool|Win32
		{69DADB65-3DF8-46F3-9040-799336D7C046}.Test|Xbox 360.ActiveCfg = BuiltWithUnrealBuildTool|Win32
		{EB5DF405-482D-44A8-9AF0-2F9AF538227A}.Debug (Unreal)|Mixed platforms.ActiveCfg = BuiltWithUnrealBuildTool|Win32
		{EB5DF405-482D-44A8-9AF0-2F9AF538227A}.Debug (Unreal)|Mixed platforms.Build.0 = BuiltWithUnrealBuildTool|Win32
		{EB5DF405-482D-44A8-9AF0-2F9AF538227A}.Debug (Unreal)|Win32.ActiveCfg = BuiltWithUnrealBuildTool|Win32
		{EB5DF405-482D-44A8-9AF0-2F9AF538227A}.Debug (Unreal)|Win32.Build.0 = BuiltWithUnrealBuildTool|Win32
		{EB5DF405-482D-44A8-9AF0-2F9AF538227A}.Debug (Unreal)|x64.ActiveCfg = BuiltWithUnrealBuildTool|Win32
		{EB5DF405-482D-44A8-9AF0-2F9AF538227A}.Debug (Unreal)|Xbox 360.ActiveCfg = BuiltWithUnrealBuildTool|Win32
		{EB5DF405-482D-44A8-9AF0-2F9AF538227A}.Debug|Mixed platforms.ActiveCfg = BuiltWithUnrealBuildTool|Win32
		{EB5DF405-482D-44A8-9AF0-2F9AF538227A}.Debug|Win32.ActiveCfg = BuiltWithUnrealBuildTool|Win32
		{EB5DF405-482D-44A8-9AF0-2F9AF538227A}.Debug|Win32.Build.0 = BuiltWithUnrealBuildTool|Win32
		{EB5DF405-482D-44A8-9AF0-2F9AF538227A}.Debug|x64.ActiveCfg = BuiltWithUnrealBuildTool|Win32
		{EB5DF405-482D-44A8-9AF0-2F9AF538227A}.Debug|Xbox 360.ActiveCfg = BuiltWithUnrealBuildTool|Win32
		{EB5DF405-482D-44A8-9AF0-2F9AF538227A}.PS3 Debug|Mixed platforms.ActiveCfg = BuiltWithUnrealBuildTool|Win32
		{EB5DF405-482D-44A8-9AF0-2F9AF538227A}.PS3 Debug|Mixed platforms.Build.0 = BuiltWithUnrealBuildTool|Win32
		{EB5DF405-482D-44A8-9AF0-2F9AF538227A}.PS3 Debug|Win32.ActiveCfg = BuiltWithUnrealBuildTool|Win32
		{EB5DF405-482D-44A8-9AF0-2F9AF538227A}.PS3 Debug|Win32.Build.0 = BuiltWithUnrealBuildTool|Win32
		{EB5DF405-482D-44A8-9AF0-2F9AF538227A}.PS3 Debug|x64.ActiveCfg = BuiltWithUnrealBuildTool|Win32
		{EB5DF405-482D-44A8-9AF0-2F9AF538227A}.PS3 Debug|Xbox 360.ActiveCfg = BuiltWithUnrealBuildTool|Win32
		{EB5DF405-482D-44A8-9AF0-2F9AF538227A}.PS3 Release|Mixed platforms.ActiveCfg = BuiltWithUnrealBuildTool|Win32
		{EB5DF405-482D-44A8-9AF0-2F9AF538227A}.PS3 Release|Mixed platforms.Build.0 = BuiltWithUnrealBuildTool|Win32
		{EB5DF405-482D-44A8-9AF0-2F9AF538227A}.PS3 Release|Win32.ActiveCfg = BuiltWithUnrealBuildTool|Win32
		{EB5DF405-482D-44A8-9AF0-2F9AF538227A}.PS3 Release|Win32.Build.0 = BuiltWithUnrealBuildTool|Win32
		{EB5DF405-482D-44A8-9AF0-2F9AF538227A}.PS3 Release|x64.ActiveCfg = BuiltWithUnrealBuildTool|Win32
		{EB5DF405-482D-44A8-9AF0-2F9AF538227A}.PS3 Release|Xbox 360.ActiveCfg = BuiltWithUnrealBuildTool|Win32
		{EB5DF405-482D-44A8-9AF0-2F9AF538227A}.Release (Unreal)|Mixed platforms.ActiveCfg = BuiltWithUnrealBuildTool|Win32
		{EB5DF405-482D-44A8-9AF0-2F9AF538227A}.Release (Unreal)|Mixed platforms.Build.0 = BuiltWithUnrealBuildTool|Win32
		{EB5DF405-482D-44A8-9AF0-2F9AF538227A}.Release (Unreal)|Win32.ActiveCfg = BuiltWithUnrealBuildTool|Win32
		{EB5DF405-482D-44A8-9AF0-2F9AF538227A}.Release (Unreal)|Win32.Build.0 = BuiltWithUnrealBuildTool|Win32
		{EB5DF405-482D-44A8-9AF0-2F9AF538227A}.Release (Unreal)|x64.ActiveCfg = BuiltWithUnrealBuildTool|Win32
		{EB5DF405-482D-44A8-9AF0-2F9AF538227A}.Release (Unreal)|Xbox 360.ActiveCfg = BuiltWithUnrealBuildTool|Win32
		{EB5DF405-482D-44A8-9AF0-2F9AF538227A}.Release|Mixed platforms.ActiveCfg = BuiltWithUnrealBuildTool|Win32
		{EB5DF405-482D-44A8-9AF0-2F9AF538227A}.Release|Mixed platforms.Build.0 = BuiltWithUnrealBuildTool|Win32
		{EB5DF405-482D-44A8-9AF0-2F9AF538227A}.Release|Win32.ActiveCfg = BuiltWithUnrealBuildTool|Win32
		{EB5DF405-482D-44A8-9AF0-2F9AF538227A}.Release|Win32.Build.0 = BuiltWithUnrealBuildTool|Win32
		{EB5DF405-482D-44A8-9AF0-2F9AF538227A}.Release|x64.ActiveCfg = BuiltWithUnrealBuildTool|Win32
		{EB5DF405-482D-44A8-9AF0-2F9AF538227A}.Release|Xbox 360.ActiveCfg = BuiltWithUnrealBuildTool|Win32
		{EB5DF405-482D-44A8-9AF0-2F9AF538227A}.Shipping|Mixed platforms.ActiveCfg = BuiltWithUnrealBuildTool|Win32
		{EB5DF405-482D-44A8-9AF0-2F9AF538227A}.Shipping|Win32.ActiveCfg = BuiltWithUnrealBuildTool|Win32
		{EB5DF405-482D-44A8-9AF0-2F9AF538227A}.Shipping|Win32.Build.0 = BuiltWithUnrealBuildTool|Win32
		{EB5DF405-482D-44A8-9AF0-2F9AF538227A}.Shipping|x64.ActiveCfg = BuiltWithUnrealBuildTool|Win32
		{EB5DF405-482D-44A8-9AF0-2F9AF538227A}.Shipping|Xbox 360.ActiveCfg = BuiltWithUnrealBuildTool|Win32
		{EB5DF405-482D-44A8-9AF0-2F9AF538227A}.Test|Mixed platforms.ActiveCfg = BuiltWithUnrealBuildTool|Win32
		{EB5DF405-482D-44A8-9AF0-2F9AF538227A}.Test|Win32.ActiveCfg = BuiltWithUnrealBuildTool|Win32
		{EB5DF405-482D-44A8-9AF0-2F9AF538227A}.Test|Win32.Build.0 = BuiltWithUnrealBuildTool|Win32
		{EB5DF405-482D-44A8-9AF0-2F9AF538227A}.Test|x64.ActiveCfg = BuiltWithUnrealBuildTool|Win32
		{EB5DF405-482D-44A8-9AF0-2F9AF538227A}.Test|Xbox 360.ActiveCfg = BuiltWithUnrealBuildTool|Win32
		{3918B7C9-5707-43BF-8DFA-90FECBAFF9EF}.Debug (Unreal)|Mixed platforms.ActiveCfg = BuiltWithUnrealBuildTool|Win32
		{3918B7C9-5707-43BF-8DFA-90FECBAFF9EF}.Debug (Unreal)|Mixed platforms.Build.0 = BuiltWithUnrealBuildTool|Win32
		{3918B7C9-5707-43BF-8DFA-90FECBAFF9EF}.Debug (Unreal)|Win32.ActiveCfg = BuiltWithUnrealBuildTool|Win32
		{3918B7C9-5707-43BF-8DFA-90FECBAFF9EF}.Debug (Unreal)|Win32.Build.0 = BuiltWithUnrealBuildTool|Win32
		{3918B7C9-5707-43BF-8DFA-90FECBAFF9EF}.Debug (Unreal)|x64.ActiveCfg = BuiltWithUnrealBuildTool|Win32
		{3918B7C9-5707-43BF-8DFA-90FECBAFF9EF}.Debug (Unreal)|x64.Build.0 = BuiltWithUnrealBuildTool|Win32
		{3918B7C9-5707-43BF-8DFA-90FECBAFF9EF}.Debug (Unreal)|Xbox 360.ActiveCfg = BuiltWithUnrealBuildTool|Win32
		{3918B7C9-5707-43BF-8DFA-90FECBAFF9EF}.Debug (Unreal)|Xbox 360.Build.0 = BuiltWithUnrealBuildTool|Win32
		{3918B7C9-5707-43BF-8DFA-90FECBAFF9EF}.Debug|Mixed platforms.ActiveCfg = BuiltWithUnrealBuildTool|Win32
		{3918B7C9-5707-43BF-8DFA-90FECBAFF9EF}.Debug|Mixed platforms.Build.0 = BuiltWithUnrealBuildTool|Win32
		{3918B7C9-5707-43BF-8DFA-90FECBAFF9EF}.Debug|Win32.ActiveCfg = BuiltWithUnrealBuildTool|Win32
		{3918B7C9-5707-43BF-8DFA-90FECBAFF9EF}.Debug|Win32.Build.0 = BuiltWithUnrealBuildTool|Win32
		{3918B7C9-5707-43BF-8DFA-90FECBAFF9EF}.Debug|x64.ActiveCfg = BuiltWithUnrealBuildTool|Win32
		{3918B7C9-5707-43BF-8DFA-90FECBAFF9EF}.Debug|x64.Build.0 = BuiltWithUnrealBuildTool|Win32
		{3918B7C9-5707-43BF-8DFA-90FECBAFF9EF}.Debug|Xbox 360.ActiveCfg = BuiltWithUnrealBuildTool|Win32
		{3918B7C9-5707-43BF-8DFA-90FECBAFF9EF}.Debug|Xbox 360.Build.0 = BuiltWithUnrealBuildTool|Win32
		{3918B7C9-5707-43BF-8DFA-90FECBAFF9EF}.PS3 Debug|Mixed platforms.ActiveCfg = BuiltWithUnrealBuildTool|Win32
		{3918B7C9-5707-43BF-8DFA-90FECBAFF9EF}.PS3 Debug|Mixed platforms.Build.0 = BuiltWithUnrealBuildTool|Win32
		{3918B7C9-5707-43BF-8DFA-90FECBAFF9EF}.PS3 Debug|Win32.ActiveCfg = BuiltWithUnrealBuildTool|Win32
		{3918B7C9-5707-43BF-8DFA-90FECBAFF9EF}.PS3 Debug|Win32.Build.0 = BuiltWithUnrealBuildTool|Win32
		{3918B7C9-5707-43BF-8DFA-90FECBAFF9EF}.PS3 Debug|x64.ActiveCfg = BuiltWithUnrealBuildTool|Win32
		{3918B7C9-5707-43BF-8DFA-90FECBAFF9EF}.PS3 Debug|x64.Build.0 = BuiltWithUnrealBuildTool|Win32
		{3918B7C9-5707-43BF-8DFA-90FECBAFF9EF}.PS3 Debug|Xbox 360.ActiveCfg = BuiltWithUnrealBuildTool|Win32
		{3918B7C9-5707-43BF-8DFA-90FECBAFF9EF}.PS3 Debug|Xbox 360.Build.0 = BuiltWithUnrealBuildTool|Win32
		{3918B7C9-5707-43BF-8DFA-90FECBAFF9EF}.PS3 Release|Mixed platforms.ActiveCfg = BuiltWithUnrealBuildTool|Win32
		{3918B7C9-5707-43BF-8DFA-90FECBAFF9EF}.PS3 Release|Mixed platforms.Build.0 = BuiltWithUnrealBuildTool|Win32
		{3918B7C9-5707-43BF-8DFA-90FECBAFF9EF}.PS3 Release|Win32.ActiveCfg = BuiltWithUnrealBuildTool|Win32
		{3918B7C9-5707-43BF-8DFA-90FECBAFF9EF}.PS3 Release|Win32.Build.0 = BuiltWithUnrealBuildTool|Win32
		{3918B7C9-5707-43BF-8DFA-90FECBAFF9EF}.PS3 Release|x64.ActiveCfg = BuiltWithUnrealBuildTool|Win32
		{3918B7C9-5707-43BF-8DFA-90FECBAFF9EF}.PS3 Release|x64.Build.0 = BuiltWithUnrealBuildTool|Win32
		{3918B7C9-5707-43BF-8DFA-90FECBAFF9EF}.PS3 Release|Xbox 360.ActiveCfg = BuiltWithUnrealBuildTool|Win32
		{3918B7C9-5707-43BF-8DFA-90FECBAFF9EF}.PS3 Release|Xbox 360.Build.0 = BuiltWithUnrealBuildTool|Win32
		{3918B7C9-5707-43BF-8DFA-90FECBAFF9EF}.Release (Unreal)|Mixed platforms.ActiveCfg = BuiltWithUnrealBuildTool|Win32
		{3918B7C9-5707-43BF-8DFA-90FECBAFF9EF}.Release (Unreal)|Mixed platforms.Build.0 = BuiltWithUnrealBuildTool|Win32
		{3918B7C9-5707-43BF-8DFA-90FECBAFF9EF}.Release (Unreal)|Win32.ActiveCfg = BuiltWithUnrealBuildTool|Win32
		{3918B7C9-5707-43BF-8DFA-90FECBAFF9EF}.Release (Unreal)|Win32.Build.0 = BuiltWithUnrealBuildTool|Win32
		{3918B7C9-5707-43BF-8DFA-90FECBAFF9EF}.Release (Unreal)|x64.ActiveCfg = BuiltWithUnrealBuildTool|Win32
		{3918B7C9-5707-43BF-8DFA-90FECBAFF9EF}.Release (Unreal)|x64.Build.0 = BuiltWithUnrealBuildTool|Win32
		{3918B7C9-5707-43BF-8DFA-90FECBAFF9EF}.Release (Unreal)|Xbox 360.ActiveCfg = BuiltWithUnrealBuildTool|Win32
		{3918B7C9-5707-43BF-8DFA-90FECBAFF9EF}.Release (Unreal)|Xbox 360.Build.0 = BuiltWithUnrealBuildTool|Win32
		{3918B7C9-5707-43BF-8DFA-90FECBAFF9EF}.Release|Mixed platforms.ActiveCfg = BuiltWithUnrealBuildTool|Win32
		{3918B7C9-5707-43BF-8DFA-90FECBAFF9EF}.Release|Mixed platforms.Build.0 = BuiltWithUnrealBuildTool|Win32
		{3918B7C9-5707-43BF-8DFA-90FECBAFF9EF}.Release|Win32.ActiveCfg = BuiltWithUnrealBuildTool|Win32
		{3918B7C9-5707-43BF-8DFA-90FECBAFF9EF}.Release|Win32.Build.0 = BuiltWithUnrealBuildTool|Win32
		{3918B7C9-5707-43BF-8DFA-90FECBAFF9EF}.Release|x64.ActiveCfg = BuiltWithUnrealBuildTool|Win32
		{3918B7C9-5707-43BF-8DFA-90FECBAFF9EF}.Release|x64.Build.0 = BuiltWithUnrealBuildTool|Win32
		{3918B7C9-5707-43BF-8DFA-90FECBAFF9EF}.Release|Xbox 360.ActiveCfg = BuiltWithUnrealBuildTool|Win32
		{3918B7C9-5707-43BF-8DFA-90FECBAFF9EF}.Release|Xbox 360.Build.0 = BuiltWithUnrealBuildTool|Win32
		{3918B7C9-5707-43BF-8DFA-90FECBAFF9EF}.Shipping|Mixed platforms.ActiveCfg = BuiltWithUnrealBuildTool|Win32
		{3918B7C9-5707-43BF-8DFA-90FECBAFF9EF}.Shipping|Mixed platforms.Build.0 = BuiltWithUnrealBuildTool|Win32
		{3918B7C9-5707-43BF-8DFA-90FECBAFF9EF}.Shipping|Win32.ActiveCfg = BuiltWithUnrealBuildTool|Win32
		{3918B7C9-5707-43BF-8DFA-90FECBAFF9EF}.Shipping|Win32.Build.0 = BuiltWithUnrealBuildTool|Win32
		{3918B7C9-5707-43BF-8DFA-90FECBAFF9EF}.Shipping|x64.ActiveCfg = BuiltWithUnrealBuildTool|Win32
		{3918B7C9-5707-43BF-8DFA-90FECBAFF9EF}.Shipping|x64.Build.0 = BuiltWithUnrealBuildTool|Win32
		{3918B7C9-5707-43BF-8DFA-90FECBAFF9EF}.Shipping|Xbox 360.ActiveCfg = BuiltWithUnrealBuildTool|Win32
		{3918B7C9-5707-43BF-8DFA-90FECBAFF9EF}.Shipping|Xbox 360.Build.0 = BuiltWithUnrealBuildTool|Win32
		{3918B7C9-5707-43BF-8DFA-90FECBAFF9EF}.Test|Mixed platforms.ActiveCfg = BuiltWithUnrealBuildTool|Win32
		{3918B7C9-5707-43BF-8DFA-90FECBAFF9EF}.Test|Mixed platforms.Build.0 = BuiltWithUnrealBuildTool|Win32
		{3918B7C9-5707-43BF-8DFA-90FECBAFF9EF}.Test|Win32.ActiveCfg = BuiltWithUnrealBuildTool|Win32
		{3918B7C9-5707-43BF-8DFA-90FECBAFF9EF}.Test|Win32.Build.0 = BuiltWithUnrealBuildTool|Win32
		{3918B7C9-5707-43BF-8DFA-90FECBAFF9EF}.Test|x64.ActiveCfg = BuiltWithUnrealBuildTool|Win32
		{3918B7C9-5707-43BF-8DFA-90FECBAFF9EF}.Test|x64.Build.0 = BuiltWithUnrealBuildTool|Win32
		{3918B7C9-5707-43BF-8DFA-90FECBAFF9EF}.Test|Xbox 360.ActiveCfg = BuiltWithUnrealBuildTool|Win32
		{3918B7C9-5707-43BF-8DFA-90FECBAFF9EF}.Test|Xbox 360.Build.0 = BuiltWithUnrealBuildTool|Win32
		{B0844BA3-C28B-462E-BE78-6CA8AD91D0A2}.Debug (Unreal)|Mixed platforms.ActiveCfg = BuiltWithUnrealBuildTool|Win32
		{B0844BA3-C28B-462E-BE78-6CA8AD91D0A2}.Debug (Unreal)|Mixed platforms.Build.0 = BuiltWithUnrealBuildTool|Win32
		{B0844BA3-C28B-462E-BE78-6CA8AD91D0A2}.Debug (Unreal)|Win32.ActiveCfg = BuiltWithUnrealBuildTool|Win32
		{B0844BA3-C28B-462E-BE78-6CA8AD91D0A2}.Debug (Unreal)|Win32.Build.0 = BuiltWithUnrealBuildTool|Win32
		{B0844BA3-C28B-462E-BE78-6CA8AD91D0A2}.Debug (Unreal)|x64.ActiveCfg = BuiltWithUnrealBuildTool|Win32
		{B0844BA3-C28B-462E-BE78-6CA8AD91D0A2}.Debug (Unreal)|x64.Build.0 = BuiltWithUnrealBuildTool|Win32
		{B0844BA3-C28B-462E-BE78-6CA8AD91D0A2}.Debug (Unreal)|Xbox 360.ActiveCfg = BuiltWithUnrealBuildTool|Win32
		{B0844BA3-C28B-462E-BE78-6CA8AD91D0A2}.Debug (Unreal)|Xbox 360.Build.0 = BuiltWithUnrealBuildTool|Win32
		{B0844BA3-C28B-462E-BE78-6CA8AD91D0A2}.Debug|Mixed platforms.ActiveCfg = BuiltWithUnrealBuildTool|Win32
		{B0844BA3-C28B-462E-BE78-6CA8AD91D0A2}.Debug|Mixed platforms.Build.0 = BuiltWithUnrealBuildTool|Win32
		{B0844BA3-C28B-462E-BE78-6CA8AD91D0A2}.Debug|Win32.ActiveCfg = BuiltWithUnrealBuildTool|Win32
		{B0844BA3-C28B-462E-BE78-6CA8AD91D0A2}.Debug|Win32.Build.0 = BuiltWithUnrealBuildTool|Win32
		{B0844BA3-C28B-462E-BE78-6CA8AD91D0A2}.Debug|x64.ActiveCfg = BuiltWithUnrealBuildTool|Win32
		{B0844BA3-C28B-462E-BE78-6CA8AD91D0A2}.Debug|x64.Build.0 = BuiltWithUnrealBuildTool|Win32
		{B0844BA3-C28B-462E-BE78-6CA8AD91D0A2}.Debug|Xbox 360.ActiveCfg = BuiltWithUnrealBuildTool|Win32
		{B0844BA3-C28B-462E-BE78-6CA8AD91D0A2}.Debug|Xbox 360.Build.0 = BuiltWithUnrealBuildTool|Win32
		{B0844BA3-C28B-462E-BE78-6CA8AD91D0A2}.PS3 Debug|Mixed platforms.ActiveCfg = BuiltWithUnrealBuildTool|Win32
		{B0844BA3-C28B-462E-BE78-6CA8AD91D0A2}.PS3 Debug|Mixed platforms.Build.0 = BuiltWithUnrealBuildTool|Win32
		{B0844BA3-C28B-462E-BE78-6CA8AD91D0A2}.PS3 Debug|Win32.ActiveCfg = BuiltWithUnrealBuildTool|Win32
		{B0844BA3-C28B-462E-BE78-6CA8AD91D0A2}.PS3 Debug|Win32.Build.0 = BuiltWithUnrealBuildTool|Win32
		{B0844BA3-C28B-462E-BE78-6CA8AD91D0A2}.PS3 Debug|x64.ActiveCfg = BuiltWithUnrealBuildTool|Win32
		{B0844BA3-C28B-462E-BE78-6CA8AD91D0A2}.PS3 Debug|x64.Build.0 = BuiltWithUnrealBuildTool|Win32
		{B0844BA3-C28B-462E-BE78-6CA8AD91D0A2}.PS3 Debug|Xbox 360.ActiveCfg = BuiltWithUnrealBuildTool|Win32
		{B0844BA3-C28B-462E-BE78-6CA8AD91D0A2}.PS3 Debug|Xbox 360.Build.0 = BuiltWithUnrealBuildTool|Win32
		{B0844BA3-C28B-462E-BE78-6CA8AD91D0A2}.PS3 Release|Mixed platforms.ActiveCfg = BuiltWithUnrealBuildTool|Win32
		{B0844BA3-C28B-462E-BE78-6CA8AD91D0A2}.PS3 Release|Mixed platforms.Build.0 = BuiltWithUnrealBuildTool|Win32
		{B0844BA3-C28B-462E-BE78-6CA8AD91D0A2}.PS3 Release|Win32.ActiveCfg = BuiltWithUnrealBuildTool|Win32
		{B0844BA3-C28B-462E-BE78-6CA8AD91D0A2}.PS3 Release|Win32.Build.0 = BuiltWithUnrealBuildTool|Win32
		{B0844BA3-C28B-462E-BE78-6CA8AD91D0A2}.PS3 Release|x64.ActiveCfg = BuiltWithUnrealBuildTool|Win32
		{B0844BA3-C28B-462E-BE78-6CA8AD91D0A2}.PS3 Release|x64.Build.0 = BuiltWithUnrealBuildTool|Win32
		{B0844BA3-C28B-462E-BE78-6CA8AD91D0A2}.PS3 Release|Xbox 360.ActiveCfg = BuiltWithUnrealBuildTool|Win32
		{B0844BA3-C28B-462E-BE78-6CA8AD91D0A2}.PS3 Release|Xbox 360.Build.0 = BuiltWithUnrealBuildTool|Win32
		{B0844BA3-C28B-462E-BE78-6CA8AD91D0A2}.Release (Unreal)|Mixed platforms.ActiveCfg = BuiltWithUnrealBuildTool|Win32
		{B0844BA3-C28B-462E-BE78-6CA8AD91D0A2}.Release (Unreal)|Mixed platforms.Build.0 = BuiltWithUnrealBuildTool|Win32
		{B0844BA3-C28B-462E-BE78-6CA8AD91D0A2}.Release (Unreal)|Win32.ActiveCfg = BuiltWithUnrealBuildTool|Win32
		{B0844BA3-C28B-462E-BE78-6CA8AD91D0A2}.Release (Unreal)|Win32.Build.0 = BuiltWithUnrealBuildTool|Win32
		{B0844BA3-C28B-462E-BE78-6CA8AD91D0A2}.Release (Unreal)|x64.ActiveCfg = BuiltWithUnrealBuildTool|Win32
		{B0844BA3-C28B-462E-BE78-6CA8AD91D0A2}.Release (Unreal)|x64.Build.0 = BuiltWithUnrealBuildTool|Win32
		{B0844BA3-C28B-462E-BE78-6CA8AD91D0A2}.Release (Unreal)|Xbox 360.ActiveCfg = BuiltWithUnrealBuildTool|Win32
		{B0844BA3-C28B-462E-BE78-6CA8AD91D0A2}.Release (Unreal)|Xbox 360.Build.0 = BuiltWithUnrealBuildTool|Win32
		{B0844BA3-C28B-462E-BE78-6CA8AD91D0A2}.Release|Mixed platforms.ActiveCfg = BuiltWithUnrealBuildTool|Win32
		{B0844BA3-C28B-462E-BE78-6CA8AD91D0A2}.Release|Mixed platforms.Build.0 = BuiltWithUnrealBuildTool|Win32
		{B0844BA3-C28B-462E-BE78-6CA8AD91D0A2}.Release|Win32.ActiveCfg = BuiltWithUnrealBuildTool|Win32
		{B0844BA3-C28B-462E-BE78-6CA8AD91D0A2}.Release|Win32.Build.0 = BuiltWithUnrealBuildTool|Win32
		{B0844BA3-C28B-462E-BE78-6CA8AD91D0A2}.Release|x64.ActiveCfg = BuiltWithUnrealBuildTool|Win32
		{B0844BA3-C28B-462E-BE78-6CA8AD91D0A2}.Release|x64.Build.0 = BuiltWithUnrealBuildTool|Win32
		{B0844BA3-C28B-462E-BE78-6CA8AD91D0A2}.Release|Xbox 360.ActiveCfg = BuiltWithUnrealBuildTool|Win32
		{B0844BA3-C28B-462E-BE78-6CA8AD91D0A2}.Release|Xbox 360.Build.0 = BuiltWithUnrealBuildTool|Win32
		{B0844BA3-C28B-462E-BE78-6CA8AD91D0A2}.Shipping|Mixed platforms.ActiveCfg = BuiltWithUnrealBuildTool|Win32
		{B0844BA3-C28B-462E-BE78-6CA8AD91D0A2}.Shipping|Mixed platforms.Build.0 = BuiltWithUnrealBuildTool|Win32
		{B0844BA3-C28B-462E-BE78-6CA8AD91D0A2}.Shipping|Win32.ActiveCfg = BuiltWithUnrealBuildTool|Win32
		{B0844BA3-C28B-462E-BE78-6CA8AD91D0A2}.Shipping|Win32.Build.0 = BuiltWithUnrealBuildTool|Win32
		{B0844BA3-C28B-462E-BE78-6CA8AD91D0A2}.Shipping|x64.ActiveCfg = BuiltWithUnrealBuildTool|Win32
		{B0844BA3-C28B-462E-BE78-6CA8AD91D0A2}.Shipping|x64.Build.0 = BuiltWithUnrealBuildTool|Win32
		{B0844BA3-C28B-462E-BE78-6CA8AD91D0A2}.Shipping|Xbox 360.ActiveCfg = BuiltWithUnrealBuildTool|Win32
		{B0844BA3-C28B-462E-BE78-6CA8AD91D0A2}.Shipping|Xbox 360.Build.0 = BuiltWithUnrealBuildTool|Win32
		{B0844BA3-C28B-462E-BE78-6CA8AD91D0A2}.Test|Mixed platforms.ActiveCfg = BuiltWithUnrealBuildTool|Win32
		{B0844BA3-C28B-462E-BE78-6CA8AD91D0A2}.Test|Mixed platforms.Build.0 = BuiltWithUnrealBuildTool|Win32
		{B0844BA3-C28B-462E-BE78-6CA8AD91D0A2}.Test|Win32.ActiveCfg = BuiltWithUnrealBuildTool|Win32
		{B0844BA3-C28B-462E-BE78-6CA8AD91D0A2}.Test|Win32.Build.0 = BuiltWithUnrealBuildTool|Win32
		{B0844BA3-C28B-462E-BE78-6CA8AD91D0A2}.Test|x64.ActiveCfg = BuiltWithUnrealBuildTool|Win32
		{B0844BA3-C28B-462E-BE78-6CA8AD91D0A2}.Test|x64.Build.0 = BuiltWithUnrealBuildTool|Win32
		{B0844BA3-C28B-462E-BE78-6CA8AD91D0A2}.Test|Xbox 360.ActiveCfg = BuiltWithUnrealBuildTool|Win32
		{B0844BA3-C28B-462E-BE78-6CA8AD91D0A2}.Test|Xbox 360.Build.0 = BuiltWithUnrealBuildTool|Win32
	EndGlobalSection
	GlobalSection(SolutionProperties) = preSolution
		HideSolutionNode = FALSE
	EndGlobalSection
	GlobalSection(NestedProjects) = preSolution
		{FD7C5E1A-CFE4-4FD5-A525-1EB1599A39AC} = {C4545F94-F74E-45E2-AF71-3473B4F3C09F}
		{9E3C0A84-2520-4CB2-9202-55AF64CD84A5} = {C77F9B60-722B-4E86-B7B4-F0025687C359}
		{F33F4FE6-1840-446E-A7D8-903B8EDFB14B} = {C77F9B60-722B-4E86-B7B4-F0025687C359}
		{20C50653-B887-40EC-B85B-06BF6E24FDB4} = {95F9398D-D309-488C-B0A9-13ADB3C168BA}
		{D81C72CB-E8FC-4442-9D29-E060415DDBAA} = {C77F9B60-722B-4E86-B7B4-F0025687C359}
		{559F6F18-3B99-4A8B-A384-BCF2A9FD69EF} = {014DC93C-9FF9-42DC-A252-87F6508C741B}
		{AE2B1A55-E493-4E93-8416-7144201E183E} = {014DC93C-9FF9-42DC-A252-87F6508C741B}
		{77D547F4-1691-42B3-99D3-FB4429DE2ADB} = {014DC93C-9FF9-42DC-A252-87F6508C741B}
		{0EE028CA-72A3-4A1D-ADEF-0D60B3B2EEE7} = {C77F9B60-722B-4E86-B7B4-F0025687C359}
		{D93141B3-0FF3-46D0-922A-0972439B37AA} = {014DC93C-9FF9-42DC-A252-87F6508C741B}
		{59496D24-4556-4DF9-814A-157366C784E6} = {014DC93C-9FF9-42DC-A252-87F6508C741B}
		{CB870BCA-E5E6-467F-AA38-CE5DF837D968} = {95F9398D-D309-488C-B0A9-13ADB3C168BA}
		{EC63BC3B-61DC-4831-A12E-A1E5441D4A8B} = {014DC93C-9FF9-42DC-A252-87F6508C741B}
		{53ADE45D-BB75-4F27-9AAA-41A2262058A9} = {C77F9B60-722B-4E86-B7B4-F0025687C359}
		{69DADB65-3DF8-46F3-9040-799336D7C046} = {95F9398D-D309-488C-B0A9-13ADB3C168BA}
		{EB5DF405-482D-44A8-9AF0-2F9AF538227A} = {014DC93C-9FF9-42DC-A252-87F6508C741B}
		{3918B7C9-5707-43BF-8DFA-90FECBAFF9EF} = {1AD35CF3-470C-44EA-B1B5-5CD621053814}
		{B0844BA3-C28B-462E-BE78-6CA8AD91D0A2} = {1AD35CF3-470C-44EA-B1B5-5CD621053814}
	EndGlobalSection
EndGlobal
