<?xml version="1.0" encoding="utf-8"?>
<Project ToolsVersion="4.0" xmlns="http://schemas.microsoft.com/developer/msbuild/2003">
  <ItemGroup>
    <Filter Include="Classes">
      <UniqueIdentifier>{58267d46-004e-4d7d-afc8-809f1641a628}</UniqueIdentifier>
    </Filter>
    <Filter Include="Src">
      <UniqueIdentifier>{2ea42f00-2ab9-42c6-84dc-46bc50d02bcc}</UniqueIdentifier>
    </Filter>
    <Filter Include="Inc">
      <UniqueIdentifier>{27632561-1dcc-4b5a-b57a-c619ee168a8e}</UniqueIdentifier>
    </Filter>
  </ItemGroup>
  <ItemGroup>
    <None Include="Classes\GenericBrowserType_GFxMovie.uc">
      <Filter>Classes</Filter>
    </None>
    <None Include="Classes\GFxImportCommandlet.uc">
      <Filter>Classes</Filter>
    </None>
    <None Include="Classes\GFxMovieFactory.uc">
      <Filter>Classes</Filter>
    </None>
    <None Include="Classes\GFxReimportCommandlet.uc">
      <Filter>Classes</Filter>
    </None>
  </ItemGroup>
  <ItemGroup>
    <ClCompile Include="Src\GFxUIEditor.cpp">
      <Filter>Src</Filter>
    </ClCompile>
    <ClCompile Include="Src\GFxUIEditorFactories.cpp">
      <Filter>Src</Filter>
    </ClCompile>
    <ClCompile Include="Src\GFxUIGenericBrowserTypes.cpp">
      <Filter>Src</Filter>
    </ClCompile>
    <ClCompile Include="Src\GFxUIMovieCustomImporter.cpp">
      <Filter>Src</Filter>
    </ClCompile>
  </ItemGroup>
  <ItemGroup>
    <ClInclude Include="Inc\GFxUIEditor.h">
      <Filter>Inc</Filter>
    </ClInclude>
    <ClInclude Include="Inc\GFxUIEditorClasses.h">
      <Filter>Inc</Filter>
    </ClInclude>
    <ClInclude Include="Inc\GFxUIEditorDialogs.h">
      <Filter>Inc</Filter>
    </ClInclude>
    <ClInclude Include="Inc\GFxUIGenericBrowserContextMenus.h">
      <Filter>Inc</Filter>
    </ClInclude>
  </ItemGroup>
</Project>