<?xml version="1.0" encoding="utf-8"?>
<Project ToolsVersion="4.0" xmlns="http://schemas.microsoft.com/developer/msbuild/2003">
  <ItemGroup>
    <Filter Include="Src">
      <UniqueIdentifier>{1ff55e2d-c6a0-45ac-864b-d48be3172705}</UniqueIdentifier>
    </Filter>
    <Filter Include="Inc">
      <UniqueIdentifier>{9933b569-e47c-4fe7-9621-d029ed35e2b4}</UniqueIdentifier>
    </Filter>
  </ItemGroup>
  <ItemGroup>
    <ClCompile Include="Src\FacebookWindows.cpp">
      <Filter>Src</Filter>
    </ClCompile>
    <ClCompile Include="Src\WinClient.cpp">
      <Filter>Src</Filter>
    </ClCompile>
    <ClCompile Include="Src\WinDrv.cpp">
      <Filter>Src</Filter>
    </ClCompile>
    <ClCompile Include="Src\WinViewport.cpp">
      <Filter>Src</Filter>
    </ClCompile>
    <ClCompile Include="Src\XnaForceFeedbackManager.cpp">
      <Filter>Src</Filter>
    </ClCompile>
  </ItemGroup>
  <ItemGroup>
    <ClInclude Include="Src\WinDrvPrivate.h">
      <Filter>Src</Filter>
    </ClInclude>
    <ClInclude Include="Inc\MinWindows.h">
      <Filter>Inc</Filter>
    </ClInclude>
    <ClInclude Include="Inc\PostWindowsApi.h">
      <Filter>Inc</Filter>
    </ClInclude>
    <ClInclude Include="Inc\PreWindowsApi.h">
      <Filter>Inc</Filter>
    </ClInclude>
    <ClInclude Include="Inc\WinDrv.h">
      <Filter>Inc</Filter>
    </ClInclude>
    <ClInclude Include="Inc\WintabSupport.h">
      <Filter>Inc</Filter>
    </ClInclude>
    <ClInclude Include="Inc\XnaForceFeedbackManager.h">
      <Filter>Inc</Filter>
    </ClInclude>
  </ItemGroup>
</Project>